
Microsoft Visual Studio Solution File, Format Version 11.00
# Visual Studio 2010
Project("{3947E667-4C90-4C3A-BEB9-7148D6FE0D7C}") = "dlanguilib", "dlanguilib.dproj", "{440816C8-DBD6-454C-A0D7-B6E59CA1ED86}"
EndProject
Project("{3947E667-4C90-4C3A-BEB9-7148D6FE0D7C}") = "example1", "examples\example1\example1.dproj", "{440816C8-DBD6-454C-A0D7-B6E59CA1ED87}"
EndProject
Global
	GlobalSection(SolutionConfigurationPlatforms) = preSolution
		Debug|Any CPU = Debug|Any CPU
		Release|Any CPU = Release|Any CPU
		Unittest|Any CPU = Unittest|Any CPU
	EndGlobalSection
	GlobalSection(ProjectConfigurationPlatforms) = postSolution
		{440816C8-DBD6-454C-A0D7-B6E59CA1ED86}.Debug|Any CPU.ActiveCfg = Debug|Any CPU
		{440816C8-DBD6-454C-A0D7-B6E59CA1ED86}.Debug|Any CPU.Build.0 = Debug|Any CPU
		{440816C8-DBD6-454C-A0D7-B6E59CA1ED86}.Release|Any CPU.ActiveCfg = Release|Any CPU
		{440816C8-DBD6-454C-A0D7-B6E59CA1ED86}.Release|Any CPU.Build.0 = Release|Any CPU
		{440816C8-DBD6-454C-A0D7-B6E59CA1ED86}.Unittest|Any CPU.ActiveCfg = Unittest|Any CPU
		{440816C8-DBD6-454C-A0D7-B6E59CA1ED86}.Unittest|Any CPU.Build.0 = Unittest|Any CPU
	EndGlobalSection
	GlobalSection(MonoDevelopProperties) = preSolution
		StartupItem = examples\example1\example1.dproj
	EndGlobalSection
EndGlobal
