<?xml version="1.0" encoding="utf-8"?>
<Project DefaultTargets="Build" ToolsVersion="4.0" xmlns="http://schemas.microsoft.com/developer/msbuild/2003">
  <PropertyGroup>
    <Configuration Condition=" '$(Configuration)' == '' ">Debug</Configuration>
    <Platform Condition=" '$(Platform)' == '' ">x64</Platform>
    <ProjectGuid>{A38BEF21-AAFE-4115-A978-63B7C8C2FBD1}</ProjectGuid>
    <Compiler>DMD2</Compiler>
    <PreferOneStepBuild>true</PreferOneStepBuild>
    <UseDefaultCompiler>true</UseDefaultCompiler>
    <IncrementalLinking>true</IncrementalLinking>
  </PropertyGroup>
  <PropertyGroup Condition=" '$(Configuration)|$(Platform)' == 'Debug|x64' ">
    <DebugSymbols>true</DebugSymbols>
    <OutputPath>bin\Debug</OutputPath>
    <VersionIds>
      <VersionIds>
        <String>USE_OPENGL</String>
        <String>USE_SDL</String>
        <String>USE_FREETYPE</String>
        <String>EmbedStandardResources</String>
      </VersionIds>
    </VersionIds>
    <ObjectsDirectory>obj/Debug</ObjectsDirectory>
    <LinkinThirdPartyLibraries>false</LinkinThirdPartyLibraries>
    <UnittestMode>false</UnittestMode>
    <OutputName>libdlangui-monod-linux</OutputName>
    <Target>StaticLibrary</Target>
    <Externalconsole>true</Externalconsole>
    <DebugLevel>0</DebugLevel>
    <ExtraCompilerArguments>-Jviews
-Jviews/res
-Jviews/res/i18n
-Jviews/res/mdpi
-Jviews/res/hdpi</ExtraCompilerArguments>
  </PropertyGroup>
  <PropertyGroup Condition=" '$(Configuration)|$(Platform)' == 'Release|x64' ">
    <OutputPath>bin\Release</OutputPath>
    <VersionIds>
      <VersionIds>
        <String>USE_OPENGL</String>
        <String>USE_SDL</String>
        <String>USE_FREETYPE</String>
        <String>EmbedStandardResources</String>
      </VersionIds>
    </VersionIds>
    <ObjectsDirectory>obj/Release</ObjectsDirectory>
    <LinkinThirdPartyLibraries>false</LinkinThirdPartyLibraries>
    <ExtraCompilerArguments>-Jviews
-Jviews/res
-Jviews/res/i18n
-Jviews/res/mdpi
-Jviews/res/hdpi</ExtraCompilerArguments>
    <UnittestMode>false</UnittestMode>
    <OutputName>libdlangui-monod-linux</OutputName>
    <Target>StaticLibrary</Target>
    <Externalconsole>true</Externalconsole>
    <DebugLevel>0</DebugLevel>
  </PropertyGroup>
  <PropertyGroup Condition=" '$(Configuration)|$(Platform)' == 'Unittest|x64' ">
    <DebugSymbols>true</DebugSymbols>
    <OutputPath>bin\Unittest</OutputPath>
    <VersionIds>
      <VersionIds>
        <String>USE_OPENGL</String>
        <String>USE_SDL</String>
        <String>USE_FREETYPE</String>
        <String>EmbedStandardResources</String>
      </VersionIds>
    </VersionIds>
    <ObjectsDirectory>obj/Unittest</ObjectsDirectory>
    <LinkinThirdPartyLibraries>false</LinkinThirdPartyLibraries>
    <ExtraCompilerArguments>-Jviews
-Jviews/res
-Jviews/res/i18n
-Jviews/res/mdpi
-Jviews/res/hdpi</ExtraCompilerArguments>
    <UnittestMode>true</UnittestMode>
    <OutputName>libdlangui-monod-linux</OutputName>
    <Target>Executable</Target>
    <Externalconsole>true</Externalconsole>
    <DebugLevel>0</DebugLevel>
  </PropertyGroup>
  <PropertyGroup Condition=" '$(Configuration)|$(Platform)' == 'DebugMinimal|x64' ">
    <OutputPath>bin\DebugMinimal</OutputPath>
    <VersionIds>
      <VersionIds>
        <String>USE_SDL</String>
        <String>USE_FREETYPE</String>
        <String>EmbedStandardResources</String>
      </VersionIds>
    </VersionIds>
    <ObjectsDirectory>obj/DebugMinimal</ObjectsDirectory>
    <LinkinThirdPartyLibraries>false</LinkinThirdPartyLibraries>
    <ExtraCompilerArguments>-Jviews
-Jviews/res
-Jviews/res/i18n
-Jviews/res/mdpi
-Jviews/res/hdpi</ExtraCompilerArguments>
    <UnittestMode>false</UnittestMode>
    <OutputName>libdlangui-monod-linux</OutputName>
    <Target>StaticLibrary</Target>
    <Externalconsole>true</Externalconsole>
    <DebugLevel>0</DebugLevel>
  </PropertyGroup>
  <PropertyGroup Condition=" '$(Configuration)|$(Platform)' == 'ReleaseMinimal|x64' ">
    <OutputPath>bin\ReleaseMinimal</OutputPath>
    <VersionIds>
      <VersionIds>
        <String>USE_SDL</String>
        <String>USE_FREETYPE</String>
        <String>EmbedStandardResources</String>
      </VersionIds>
    </VersionIds>
    <ObjectsDirectory>obj/ReleaseMinimal</ObjectsDirectory>
    <LinkinThirdPartyLibraries>false</LinkinThirdPartyLibraries>
    <ExtraCompilerArguments>-Jviews
-Jviews/res
-Jviews/res/i18n
-Jviews/res/mdpi
-Jviews/res/hdpi</ExtraCompilerArguments>
    <UnittestMode>false</UnittestMode>
    <OutputName>libdlangui-monod-linux</OutputName>
    <Target>StaticLibrary</Target>
    <Externalconsole>true</Externalconsole>
    <DebugLevel>0</DebugLevel>
  </PropertyGroup>
  <PropertyGroup Condition=" '$(Configuration)|$(Platform)' == 'UnittestMinimal|x64' ">
    <OutputPath>bin\UnittestMinimal</OutputPath>
    <VersionIds>
      <VersionIds>
        <String>USE_SDL</String>
        <String>USE_FREETYPE</String>
        <String>EmbedStandardResources</String>
      </VersionIds>
    </VersionIds>
    <ObjectsDirectory>obj/UnittestMinimal</ObjectsDirectory>
    <LinkinThirdPartyLibraries>false</LinkinThirdPartyLibraries>
    <ExtraCompilerArguments>-Jviews
-Jviews/res
-Jviews/res/i18n
-Jviews/res/mdpi
-Jviews/res/hdpi</ExtraCompilerArguments>
    <UnittestMode>false</UnittestMode>
    <OutputName>libdlangui-monod-linux</OutputName>
    <Target>StaticLibrary</Target>
    <Externalconsole>true</Externalconsole>
    <DebugLevel>0</DebugLevel>
  </PropertyGroup>
  <PropertyGroup Condition=" '$(Configuration)|$(Platform)' == 'DebugX11|x64' ">
    <DebugSymbols>true</DebugSymbols>
    <OutputPath>bin\DebugX11</OutputPath>
    <VersionIds>
      <VersionIds>
        <String>USE_X11</String>
        <String>USE_OPENGL</String>
        <String>USE_FREETYPE</String>
        <String>EmbedStandardResources</String>
      </VersionIds>
    </VersionIds>
    <ObjectsDirectory>obj/DebugX11</ObjectsDirectory>
    <LinkinThirdPartyLibraries>true</LinkinThirdPartyLibraries>
    <Libs>
      <Libs>
        <Lib>-L-lX11</Lib>
      </Libs>
    </Libs>
    <ExtraCompilerArguments>-Jviews
-Jviews/res
-Jviews/res/i18n
-Jviews/res/mdpi
-Jviews/res/hdpi</ExtraCompilerArguments>
    <UnittestMode>false</UnittestMode>
    <OutputName>libdlangui-monod-linux</OutputName>
    <Target>StaticLibrary</Target>
    <Externalconsole>true</Externalconsole>
    <DebugLevel>0</DebugLevel>
  </PropertyGroup>
  <PropertyGroup Condition=" '$(Configuration)|$(Platform)' == 'DebugX11|x86' ">
    <OutputPath>bin\DebugX11</OutputPath>
    <VersionIds>
      <VersionIds>
        <String>USE_X11</String>
        <String>USE_OPENGL</String>
        <String>USE_FREETYPE</String>
        <String>EmbedStandardResources</String>
      </VersionIds>
    </VersionIds>
    <ObjectsDirectory>obj/DebugX11</ObjectsDirectory>
    <LinkinThirdPartyLibraries>false</LinkinThirdPartyLibraries>
    <ExtraCompilerArguments>-Jviews
-Jviews/res
-Jviews/res/i18n
-Jviews/res/mdpi
-Jviews/res/hdpi</ExtraCompilerArguments>
    <UnittestMode>false</UnittestMode>
    <OutputName>libdlangui-monod-linux</OutputName>
    <Target>StaticLibrary</Target>
    <Externalconsole>true</Externalconsole>
    <DebugLevel>0</DebugLevel>
  </PropertyGroup>
  <PropertyGroup Condition=" '$(Configuration)|$(Platform)' == 'ReleaseX11|x64' ">
    <OutputPath>bin\ReleaseX11</OutputPath>
    <VersionIds>
      <VersionIds>
        <String>USE_X11</String>
        <String>USE_OPENGL</String>
        <String>USE_FREETYPE</String>
        <String>EmbedStandardResources</String>
      </VersionIds>
    </VersionIds>
    <ObjectsDirectory>obj/ReleaseX11</ObjectsDirectory>
    <LinkinThirdPartyLibraries>false</LinkinThirdPartyLibraries>
    <ExtraCompilerArguments>-Jviews
-Jviews/res
-Jviews/res/i18n
-Jviews/res/mdpi
-Jviews/res/hdpi</ExtraCompilerArguments>
    <UnittestMode>false</UnittestMode>
    <OutputName>libdlangui-monod-linux</OutputName>
    <Target>StaticLibrary</Target>
    <Externalconsole>true</Externalconsole>
    <DebugLevel>0</DebugLevel>
  </PropertyGroup>
  <PropertyGroup Condition=" '$(Configuration)|$(Platform)' == 'UnittestX11|x64' ">
    <OutputPath>bin\UnittestX11</OutputPath>
    <VersionIds>
      <VersionIds>
        <String>USE_X11</String>
        <String>USE_OPENGL</String>
        <String>USE_FREETYPE</String>
        <String>EmbedStandardResources</String>
      </VersionIds>
    </VersionIds>
    <ObjectsDirectory>obj/UnittestX11</ObjectsDirectory>
    <LinkinThirdPartyLibraries>false</LinkinThirdPartyLibraries>
    <ExtraCompilerArguments>-Jviews
-Jviews/res
-Jviews/res/i18n
-Jviews/res/mdpi
-Jviews/res/hdpi</ExtraCompilerArguments>
    <UnittestMode>false</UnittestMode>
    <OutputName>libdlangui-monod-linux</OutputName>
    <Target>StaticLibrary</Target>
    <Externalconsole>true</Externalconsole>
    <DebugLevel>0</DebugLevel>
  </PropertyGroup>
  <ItemGroup>
    <Compile Include="src\dlangui\core\collections.d" />
    <Compile Include="src\dlangui\core\css.d" />
    <Compile Include="src\dlangui\core\cssparser.d" />
    <Compile Include="src\dlangui\core\dom.d" />
    <Compile Include="src\dlangui\core\editable.d" />
    <Compile Include="src\dlangui\core\events.d" />
    <Compile Include="src\dlangui\core\files.d" />
    <Compile Include="src\dlangui\core\i18n.d" />
    <Compile Include="src\dlangui\core\linestream.d" />
    <Compile Include="src\dlangui\core\logger.d" />
    <Compile Include="src\dlangui\core\math3d.d" />
    <Compile Include="src\dlangui\core\settings.d" />
    <Compile Include="src\dlangui\core\signals.d" />
    <Compile Include="src\dlangui\core\stdaction.d" />
    <Compile Include="src\dlangui\core\streams.d" />
    <Compile Include="src\dlangui\core\textsource.d" />
    <Compile Include="src\dlangui\core\types.d" />
    <Compile Include="src\dlangui\dialogs\dialog.d" />
    <Compile Include="src\dlangui\dialogs\filedlg.d" />
    <Compile Include="src\dlangui\dialogs\inputbox.d" />
    <Compile Include="src\dlangui\dialogs\msgbox.d" />
    <Compile Include="src\dlangui\dialogs\settingsdialog.d" />
    <Compile Include="src\dlangui\dml\annotations.d" />
    <Compile Include="src\dlangui\dml\dmlhighlight.d" />
    <Compile Include="src\dlangui\dml\parser.d" />
    <Compile Include="src\dlangui\graphics\colors.d" />
    <Compile Include="src\dlangui\graphics\drawbuf.d" />
    <Compile Include="src\dlangui\graphics\domrender.d" />
    <Compile Include="src\dlangui\graphics\fonts.d" />
    <Compile Include="src\dlangui\graphics\ftfonts.d" />
    <Compile Include="src\dlangui\graphics\gldrawbuf.d" />
    <Compile Include="src\dlangui\graphics\glsupport.d" />
    <Compile Include="src\dlangui\graphics\images.d" />
    <Compile Include="src\dlangui\graphics\resources.d" />
    <Compile Include="src\dlangui\graphics\scene\camera.d" />
    <Compile Include="src\dlangui\graphics\scene\material.d" />
    <Compile Include="src\dlangui\graphics\scene\mesh.d" />
    <Compile Include="src\dlangui\graphics\scene\node.d" />
    <Compile Include="src\dlangui\graphics\scene\scene3d.d" />
    <Compile Include="src\dlangui\graphics\scene\transform.d" />
    <Compile Include="src\dlangui\graphics\xpm\colors.d" />
    <Compile Include="src\dlangui\graphics\xpm\reader.d" />
    <Compile Include="src\dlangui\platforms\common\platform.d" />
    <Compile Include="src\dlangui\platforms\sdl\sdlapp.d" />
    <Compile Include="src\dlangui\widgets\appframe.d" />
    <Compile Include="src\dlangui\widgets\combobox.d" />
    <Compile Include="src\dlangui\widgets\controls.d" />
    <Compile Include="src\dlangui\widgets\docks.d" />
    <Compile Include="src\dlangui\widgets\editors.d" />
    <Compile Include="src\dlangui\widgets\grid.d" />
    <Compile Include="src\dlangui\widgets\layouts.d" />
    <Compile Include="src\dlangui\widgets\lists.d" />
    <Compile Include="src\dlangui\widgets\menu.d" />
    <Compile Include="src\dlangui\widgets\metadata.d" />
    <Compile Include="src\dlangui\widgets\popup.d" />
    <Compile Include="src\dlangui\widgets\scroll.d" />
    <Compile Include="src\dlangui\widgets\srcedit.d" />
    <Compile Include="src\dlangui\widgets\statusline.d" />
    <Compile Include="src\dlangui\widgets\styles.d" />
    <Compile Include="src\dlangui\widgets\tabs.d" />
    <Compile Include="src\dlangui\widgets\toolbars.d" />
    <Compile Include="src\dlangui\widgets\tree.d" />
    <Compile Include="src\dlangui\widgets\widget.d" />
    <Compile Include="src\dlangui\widgets\winframe.d" />
    <Compile Include="src\dlangui\package.d" />
    <Compile Include="deps\DerelictFT\source\derelict\freetype\ft.d" />
    <Compile Include="deps\DerelictFT\source\derelict\freetype\functions.d" />
    <Compile Include="deps\DerelictFT\source\derelict\freetype\types.d" />
    <Compile Include="deps\DerelictGL3\source\derelict\opengl3\arb.d" />
    <Compile Include="deps\DerelictGL3\source\derelict\opengl3\cgl.d" />
    <Compile Include="deps\DerelictGL3\source\derelict\opengl3\constants.d" />
    <Compile Include="deps\DerelictGL3\source\derelict\opengl3\deprecatedConstants.d" />
    <Compile Include="deps\DerelictGL3\source\derelict\opengl3\deprecatedFunctions.d" />
    <Compile Include="deps\DerelictGL3\source\derelict\opengl3\ext.d" />
    <Compile Include="deps\DerelictGL3\source\derelict\opengl3\functions.d" />
    <Compile Include="deps\DerelictGL3\source\derelict\opengl3\gl.d" />
    <Compile Include="deps\DerelictGL3\source\derelict\opengl3\gl3.d" />
    <Compile Include="deps\DerelictGL3\source\derelict\opengl3\glx.d" />
    <Compile Include="deps\DerelictGL3\source\derelict\opengl3\glxext.d" />
    <Compile Include="deps\DerelictGL3\source\derelict\opengl3\internal.d" />
    <Compile Include="deps\DerelictGL3\source\derelict\opengl3\types.d" />
    <Compile Include="deps\DerelictGL3\source\derelict\opengl3\wgl.d" />
    <Compile Include="deps\DerelictGL3\source\derelict\opengl3\wglext.d" />
    <Compile Include="deps\DerelictSDL2\source\derelict\sdl2\functions.d" />
    <Compile Include="deps\DerelictSDL2\source\derelict\sdl2\image.d" />
    <Compile Include="deps\DerelictSDL2\source\derelict\sdl2\mixer.d" />
    <Compile Include="deps\DerelictSDL2\source\derelict\sdl2\net.d" />
    <Compile Include="deps\DerelictSDL2\source\derelict\sdl2\sdl.d" />
    <Compile Include="deps\DerelictSDL2\source\derelict\sdl2\ttf.d" />
    <Compile Include="deps\DerelictSDL2\source\derelict\sdl2\types.d" />
    <Compile Include="deps\DerelictUtil\source\derelict\util\exception.d" />
    <Compile Include="deps\DerelictUtil\source\derelict\util\loader.d" />
    <Compile Include="deps\DerelictUtil\source\derelict\util\sharedlib.d" />
    <Compile Include="deps\DerelictUtil\source\derelict\util\system.d" />
    <Compile Include="deps\DerelictUtil\source\derelict\util\wintypes.d" />
    <Compile Include="deps\DerelictUtil\source\derelict\util\xtypes.d" />
    <Compile Include="3rdparty\fontconfig\functions.d" />
    <Compile Include="3rdparty\fontconfig\package.d" />
    <Compile Include="3rdparty\fontconfig\types.d" />
    <Compile Include="deps\x11\source\x11\keysym.d" />
    <Compile Include="deps\x11\source\x11\keysymdef.d" />
    <Compile Include="deps\x11\source\x11\X.d" />
    <Compile Include="deps\x11\source\x11\Xatom.d" />
    <Compile Include="deps\x11\source\x11\Xlib.d" />
    <Compile Include="deps\x11\source\x11\XlibConf.d" />
    <Compile Include="deps\x11\source\x11\Xlibint.d" />
    <Compile Include="deps\x11\source\x11\Xlib_xcb.d" />
    <Compile Include="deps\x11\source\x11\Xmd.d" />
    <Compile Include="deps\x11\source\x11\Xproto.d" />
    <Compile Include="deps\x11\source\x11\Xprotostr.d" />
    <Compile Include="deps\x11\source\x11\Xproto_undef.d" />
    <Compile Include="deps\x11\source\x11\Xregion.d" />
    <Compile Include="deps\x11\source\x11\Xresource.d" />
    <Compile Include="deps\x11\source\x11\Xtos.d" />
    <Compile Include="deps\x11\source\x11\Xutil.d" />
    <Compile Include="deps\x11\source\x11\extensions\randr.d" />
    <Compile Include="deps\x11\source\x11\extensions\render.d" />
    <Compile Include="deps\x11\source\x11\extensions\Xcomposite.d" />
    <Compile Include="deps\x11\source\x11\extensions\Xfixes.d" />
    <Compile Include="deps\x11\source\x11\extensions\Xge.d" />
    <Compile Include="deps\x11\source\x11\extensions\XI.d" />
    <Compile Include="deps\x11\source\x11\extensions\XI2.d" />
    <Compile Include="deps\x11\source\x11\extensions\XInput.d" />
    <Compile Include="deps\x11\source\x11\extensions\XInput2.d" />
    <Compile Include="deps\x11\source\x11\extensions\Xrandr.d" />
    <Compile Include="deps\x11\source\x11\extensions\Xrender.d" />
    <Compile Include="src\dlangui\platforms\x11\x11app.d" />
    <Compile Include="src\dlangui\platforms\common\startup.d" />
    <Compile Include="src\dlangui\core\config.d" />
    <Compile Include="3rdparty\dimage\array.d" />
    <Compile Include="3rdparty\dimage\bitio.d" />
    <Compile Include="3rdparty\dimage\compound.d" />
    <Compile Include="3rdparty\dimage\huffman.d" />
    <Compile Include="3rdparty\dimage\idct.d" />
    <Compile Include="3rdparty\dimage\image.d" />
    <Compile Include="3rdparty\dimage\jpeg.d" />
    <Compile Include="3rdparty\dimage\memory.d" />
    <Compile Include="3rdparty\dimage\png.d" />
    <Compile Include="3rdparty\dimage\stream.d" />
    <Compile Include="3rdparty\dimage\zlib.d" />
    <Compile Include="src\dlangui\core\asyncsocket.d" />
    <Compile Include="src\dlangui\core\queue.d" />
  </ItemGroup>
  <ItemGroup>
    <Folder Include="src\dlangui\platforms\x11\" />
  </ItemGroup>
</Project>