
Microsoft Visual Studio Solution File, Format Version 12.00
# Visual Studio 2013
VisualStudioVersion = 12.0.31101.0
MinimumVisualStudioVersion = 10.0.40219.1
Project("{002A2DE9-8BB6-484D-9802-7E4AD4084715}") = "dlangui", "dlanguilib.visualdproj", "{5FF17402-9997-4D0E-8068-6D84B8769D98}"
EndProject
Project("{002A2DE9-8BB6-484D-9802-7E4AD4084715}") = "example1", "examples\example1\example1.visualdproj", "{68C78CC1-6176-4C60-B4B6-520475C26D23}"
	ProjectSection(ProjectDependencies) = postProject
		{5FF17402-9997-4D0E-8068-6D84B8769D98} = {5FF17402-9997-4D0E-8068-6D84B8769D98}
	EndProjectSection
EndProject
Project("{002A2DE9-8BB6-484D-9802-7E4AD4084715}") = "helloworld", "examples\helloworld\helloworld.visualdproj", "{66B1B701-6AC9-41F5-8DB4-5CB1611FB977}"
	ProjectSection(ProjectDependencies) = postProject
		{5FF17402-9997-4D0E-8068-6D84B8769D98} = {5FF17402-9997-4D0E-8068-6D84B8769D98}
	EndProjectSection
EndProject
Project("{002A2DE9-8BB6-484D-9802-7E4AD4084715}") = "dlangide", "..\dlangide\dlangide.visualdproj", "{66B1B701-6AC9-41F5-8DB4-5CB161321977}"
	ProjectSection(ProjectDependencies) = postProject
		{5FF17402-9997-4D0E-8068-6D84B8769D98} = {5FF17402-9997-4D0E-8068-6D84B8769D98}
		{C4F86459-686F-4841-A6BE-7FCC38DC47FE} = {C4F86459-686F-4841-A6BE-7FCC38DC47FE}
	EndProjectSection
EndProject
Project("{002A2DE9-8BB6-484D-9802-7E4AD4084715}") = "tetris", "examples\tetris\tetris.visualdproj", "{68C78CAD-6176-4C60-B4A5-520475C26D56}"
EndProject
Project("{002A2DE9-8BB6-484D-9802-7E4AD4084715}") = "libdparse", "..\dlangide\libdparse\libdparse.visualdproj", "{C4F86459-686F-4841-A6BE-7FCC38DC47FE}"
EndProject
Project("{002A2DE9-8BB6-484D-9802-7E4AD4084715}") = "dlanguisfml", "..\dsfml_project\dlanguisfml\dlanguisfml.visualdproj", "{5867E363-515A-4C7E-82C7-D1C1D35F55FC}"
	ProjectSection(ProjectDependencies) = postProject
		{DB490C05-D9F8-431C-91DD-CEE646A64FDA} = {DB490C05-D9F8-431C-91DD-CEE646A64FDA}
	EndProjectSection
EndProject
Project("{002A2DE9-8BB6-484D-9802-7E4AD4084715}") = "dsfml", "..\DSFML\dsfml\dsfml.visualdproj", "{DB490C05-D9F8-431C-91DD-CEE646A64FDA}"
EndProject
Global
	GlobalSection(SolutionConfigurationPlatforms) = preSolution
		Debug COFF32|Any CPU = Debug COFF32|Any CPU
		Debug COFF32|Mixed Platforms = Debug COFF32|Mixed Platforms
		Debug COFF32|Win32 = Debug COFF32|Win32
		Debug COFF32|x64 = Debug COFF32|x64
		Debug GDC|Any CPU = Debug GDC|Any CPU
		Debug GDC|Mixed Platforms = Debug GDC|Mixed Platforms
		Debug GDC|Win32 = Debug GDC|Win32
		Debug GDC|x64 = Debug GDC|x64
		Debug LDC|Any CPU = Debug LDC|Any CPU
		Debug LDC|Mixed Platforms = Debug LDC|Mixed Platforms
		Debug LDC|Win32 = Debug LDC|Win32
		Debug LDC|x64 = Debug LDC|x64
		Debug|Any CPU = Debug|Any CPU
		Debug|Mixed Platforms = Debug|Mixed Platforms
		Debug|Win32 = Debug|Win32
		Debug|x64 = Debug|x64
		Release|Any CPU = Release|Any CPU
		Release|Mixed Platforms = Release|Mixed Platforms
		Release|Win32 = Release|Win32
		Release|x64 = Release|x64
		TestDebug|Any CPU = TestDebug|Any CPU
		TestDebug|Mixed Platforms = TestDebug|Mixed Platforms
		TestDebug|Win32 = TestDebug|Win32
		TestDebug|x64 = TestDebug|x64
	EndGlobalSection
	GlobalSection(ProjectConfigurationPlatforms) = postSolution
		{5FF17402-9997-4D0E-8068-6D84B8769D98}.Debug COFF32|Any CPU.ActiveCfg = Debug|Win32
		{5FF17402-9997-4D0E-8068-6D84B8769D98}.Debug COFF32|Mixed Platforms.ActiveCfg = Debug|Win32
		{5FF17402-9997-4D0E-8068-6D84B8769D98}.Debug COFF32|Mixed Platforms.Build.0 = Debug|Win32
		{5FF17402-9997-4D0E-8068-6D84B8769D98}.Debug COFF32|Win32.ActiveCfg = Debug|Win32
		{5FF17402-9997-4D0E-8068-6D84B8769D98}.Debug COFF32|Win32.Build.0 = Debug|Win32
		{5FF17402-9997-4D0E-8068-6D84B8769D98}.Debug COFF32|x64.ActiveCfg = Debug|Win32
		{5FF17402-9997-4D0E-8068-6D84B8769D98}.Debug GDC|Any CPU.ActiveCfg = Debug|Win32
		{5FF17402-9997-4D0E-8068-6D84B8769D98}.Debug GDC|Mixed Platforms.ActiveCfg = Debug|Win32
		{5FF17402-9997-4D0E-8068-6D84B8769D98}.Debug GDC|Mixed Platforms.Build.0 = Debug|Win32
		{5FF17402-9997-4D0E-8068-6D84B8769D98}.Debug GDC|Win32.ActiveCfg = Debug|Win32
		{5FF17402-9997-4D0E-8068-6D84B8769D98}.Debug GDC|Win32.Build.0 = Debug|Win32
		{5FF17402-9997-4D0E-8068-6D84B8769D98}.Debug GDC|x64.ActiveCfg = Debug|Win32
		{5FF17402-9997-4D0E-8068-6D84B8769D98}.Debug LDC|Any CPU.ActiveCfg = Debug|Win32
		{5FF17402-9997-4D0E-8068-6D84B8769D98}.Debug LDC|Mixed Platforms.ActiveCfg = Debug|Win32
		{5FF17402-9997-4D0E-8068-6D84B8769D98}.Debug LDC|Mixed Platforms.Build.0 = Debug|Win32
		{5FF17402-9997-4D0E-8068-6D84B8769D98}.Debug LDC|Win32.ActiveCfg = Debug|Win32
		{5FF17402-9997-4D0E-8068-6D84B8769D98}.Debug LDC|Win32.Build.0 = Debug|Win32
		{5FF17402-9997-4D0E-8068-6D84B8769D98}.Debug LDC|x64.ActiveCfg = Debug|Win32
		{5FF17402-9997-4D0E-8068-6D84B8769D98}.Debug|Any CPU.ActiveCfg = Debug|Win32
		{5FF17402-9997-4D0E-8068-6D84B8769D98}.Debug|Mixed Platforms.ActiveCfg = Debug|Win32
		{5FF17402-9997-4D0E-8068-6D84B8769D98}.Debug|Mixed Platforms.Build.0 = Debug|Win32
		{5FF17402-9997-4D0E-8068-6D84B8769D98}.Debug|Win32.ActiveCfg = Debug|Win32
		{5FF17402-9997-4D0E-8068-6D84B8769D98}.Debug|Win32.Build.0 = Debug|Win32
		{5FF17402-9997-4D0E-8068-6D84B8769D98}.Debug|x64.ActiveCfg = Debug|Win32
		{5FF17402-9997-4D0E-8068-6D84B8769D98}.Release|Any CPU.ActiveCfg = Release|Win32
		{5FF17402-9997-4D0E-8068-6D84B8769D98}.Release|Mixed Platforms.ActiveCfg = Release|Win32
		{5FF17402-9997-4D0E-8068-6D84B8769D98}.Release|Mixed Platforms.Build.0 = Release|Win32
		{5FF17402-9997-4D0E-8068-6D84B8769D98}.Release|Win32.ActiveCfg = Release|Win32
		{5FF17402-9997-4D0E-8068-6D84B8769D98}.Release|Win32.Build.0 = Release|Win32
		{5FF17402-9997-4D0E-8068-6D84B8769D98}.Release|x64.ActiveCfg = Release|Win32
		{5FF17402-9997-4D0E-8068-6D84B8769D98}.TestDebug|Any CPU.ActiveCfg = Debug|Win32
		{5FF17402-9997-4D0E-8068-6D84B8769D98}.TestDebug|Mixed Platforms.ActiveCfg = Debug|Win32
		{5FF17402-9997-4D0E-8068-6D84B8769D98}.TestDebug|Mixed Platforms.Build.0 = Debug|Win32
		{5FF17402-9997-4D0E-8068-6D84B8769D98}.TestDebug|Win32.ActiveCfg = Debug|Win32
		{5FF17402-9997-4D0E-8068-6D84B8769D98}.TestDebug|Win32.Build.0 = Debug|Win32
		{5FF17402-9997-4D0E-8068-6D84B8769D98}.TestDebug|x64.ActiveCfg = Debug|Win32
		{68C78CC1-6176-4C60-B4B6-520475C26D23}.Debug COFF32|Any CPU.ActiveCfg = Debug|Win32
		{68C78CC1-6176-4C60-B4B6-520475C26D23}.Debug COFF32|Mixed Platforms.ActiveCfg = Debug|Win32
		{68C78CC1-6176-4C60-B4B6-520475C26D23}.Debug COFF32|Mixed Platforms.Build.0 = Debug|Win32
		{68C78CC1-6176-4C60-B4B6-520475C26D23}.Debug COFF32|Win32.ActiveCfg = Debug|Win32
		{68C78CC1-6176-4C60-B4B6-520475C26D23}.Debug COFF32|Win32.Build.0 = Debug|Win32
		{68C78CC1-6176-4C60-B4B6-520475C26D23}.Debug COFF32|x64.ActiveCfg = Debug|Win32
		{68C78CC1-6176-4C60-B4B6-520475C26D23}.Debug GDC|Any CPU.ActiveCfg = Debug|Win32
		{68C78CC1-6176-4C60-B4B6-520475C26D23}.Debug GDC|Mixed Platforms.ActiveCfg = Debug|Win32
		{68C78CC1-6176-4C60-B4B6-520475C26D23}.Debug GDC|Mixed Platforms.Build.0 = Debug|Win32
		{68C78CC1-6176-4C60-B4B6-520475C26D23}.Debug GDC|Win32.ActiveCfg = Debug|Win32
		{68C78CC1-6176-4C60-B4B6-520475C26D23}.Debug GDC|Win32.Build.0 = Debug|Win32
		{68C78CC1-6176-4C60-B4B6-520475C26D23}.Debug GDC|x64.ActiveCfg = Debug|Win32
		{68C78CC1-6176-4C60-B4B6-520475C26D23}.Debug LDC|Any CPU.ActiveCfg = Debug|Win32
		{68C78CC1-6176-4C60-B4B6-520475C26D23}.Debug LDC|Mixed Platforms.ActiveCfg = Debug|Win32
		{68C78CC1-6176-4C60-B4B6-520475C26D23}.Debug LDC|Mixed Platforms.Build.0 = Debug|Win32
		{68C78CC1-6176-4C60-B4B6-520475C26D23}.Debug LDC|Win32.ActiveCfg = Debug|Win32
		{68C78CC1-6176-4C60-B4B6-520475C26D23}.Debug LDC|Win32.Build.0 = Debug|Win32
		{68C78CC1-6176-4C60-B4B6-520475C26D23}.Debug LDC|x64.ActiveCfg = Debug|Win32
		{68C78CC1-6176-4C60-B4B6-520475C26D23}.Debug|Any CPU.ActiveCfg = Debug|Win32
		{68C78CC1-6176-4C60-B4B6-520475C26D23}.Debug|Mixed Platforms.ActiveCfg = Debug|Win32
		{68C78CC1-6176-4C60-B4B6-520475C26D23}.Debug|Mixed Platforms.Build.0 = Debug|Win32
		{68C78CC1-6176-4C60-B4B6-520475C26D23}.Debug|Win32.ActiveCfg = Debug|Win32
		{68C78CC1-6176-4C60-B4B6-520475C26D23}.Debug|Win32.Build.0 = Debug|Win32
		{68C78CC1-6176-4C60-B4B6-520475C26D23}.Debug|x64.ActiveCfg = Debug|Win32
		{68C78CC1-6176-4C60-B4B6-520475C26D23}.Release|Any CPU.ActiveCfg = Release|Win32
		{68C78CC1-6176-4C60-B4B6-520475C26D23}.Release|Mixed Platforms.ActiveCfg = Release|Win32
		{68C78CC1-6176-4C60-B4B6-520475C26D23}.Release|Mixed Platforms.Build.0 = Release|Win32
		{68C78CC1-6176-4C60-B4B6-520475C26D23}.Release|Win32.ActiveCfg = Release|Win32
		{68C78CC1-6176-4C60-B4B6-520475C26D23}.Release|Win32.Build.0 = Release|Win32
		{68C78CC1-6176-4C60-B4B6-520475C26D23}.Release|x64.ActiveCfg = Release|Win32
		{68C78CC1-6176-4C60-B4B6-520475C26D23}.TestDebug|Any CPU.ActiveCfg = Debug|Win32
		{68C78CC1-6176-4C60-B4B6-520475C26D23}.TestDebug|Mixed Platforms.ActiveCfg = Debug|Win32
		{68C78CC1-6176-4C60-B4B6-520475C26D23}.TestDebug|Mixed Platforms.Build.0 = Debug|Win32
		{68C78CC1-6176-4C60-B4B6-520475C26D23}.TestDebug|Win32.ActiveCfg = Debug|Win32
		{68C78CC1-6176-4C60-B4B6-520475C26D23}.TestDebug|Win32.Build.0 = Debug|Win32
		{68C78CC1-6176-4C60-B4B6-520475C26D23}.TestDebug|x64.ActiveCfg = Debug|Win32
		{66B1B701-6AC9-41F5-8DB4-5CB1611FB977}.Debug COFF32|Any CPU.ActiveCfg = Debug|Win32
		{66B1B701-6AC9-41F5-8DB4-5CB1611FB977}.Debug COFF32|Mixed Platforms.ActiveCfg = Debug|Win32
		{66B1B701-6AC9-41F5-8DB4-5CB1611FB977}.Debug COFF32|Mixed Platforms.Build.0 = Debug|Win32
		{66B1B701-6AC9-41F5-8DB4-5CB1611FB977}.Debug COFF32|Win32.ActiveCfg = Debug|Win32
		{66B1B701-6AC9-41F5-8DB4-5CB1611FB977}.Debug COFF32|Win32.Build.0 = Debug|Win32
		{66B1B701-6AC9-41F5-8DB4-5CB1611FB977}.Debug COFF32|x64.ActiveCfg = Debug|Win32
		{66B1B701-6AC9-41F5-8DB4-5CB1611FB977}.Debug GDC|Any CPU.ActiveCfg = Debug|Win32
		{66B1B701-6AC9-41F5-8DB4-5CB1611FB977}.Debug GDC|Mixed Platforms.ActiveCfg = Debug|Win32
		{66B1B701-6AC9-41F5-8DB4-5CB1611FB977}.Debug GDC|Mixed Platforms.Build.0 = Debug|Win32
		{66B1B701-6AC9-41F5-8DB4-5CB1611FB977}.Debug GDC|Win32.ActiveCfg = Debug|Win32
		{66B1B701-6AC9-41F5-8DB4-5CB1611FB977}.Debug GDC|Win32.Build.0 = Debug|Win32
		{66B1B701-6AC9-41F5-8DB4-5CB1611FB977}.Debug GDC|x64.ActiveCfg = Debug|Win32
		{66B1B701-6AC9-41F5-8DB4-5CB1611FB977}.Debug LDC|Any CPU.ActiveCfg = Debug|Win32
		{66B1B701-6AC9-41F5-8DB4-5CB1611FB977}.Debug LDC|Mixed Platforms.ActiveCfg = Debug|Win32
		{66B1B701-6AC9-41F5-8DB4-5CB1611FB977}.Debug LDC|Mixed Platforms.Build.0 = Debug|Win32
		{66B1B701-6AC9-41F5-8DB4-5CB1611FB977}.Debug LDC|Win32.ActiveCfg = Debug|Win32
		{66B1B701-6AC9-41F5-8DB4-5CB1611FB977}.Debug LDC|Win32.Build.0 = Debug|Win32
		{66B1B701-6AC9-41F5-8DB4-5CB1611FB977}.Debug LDC|x64.ActiveCfg = Debug|Win32
		{66B1B701-6AC9-41F5-8DB4-5CB1611FB977}.Debug|Any CPU.ActiveCfg = Debug|Win32
		{66B1B701-6AC9-41F5-8DB4-5CB1611FB977}.Debug|Mixed Platforms.ActiveCfg = Debug|Win32
		{66B1B701-6AC9-41F5-8DB4-5CB1611FB977}.Debug|Mixed Platforms.Build.0 = Debug|Win32
		{66B1B701-6AC9-41F5-8DB4-5CB1611FB977}.Debug|Win32.ActiveCfg = Debug|Win32
		{66B1B701-6AC9-41F5-8DB4-5CB1611FB977}.Debug|Win32.Build.0 = Debug|Win32
		{66B1B701-6AC9-41F5-8DB4-5CB1611FB977}.Debug|x64.ActiveCfg = Debug|Win32
		{66B1B701-6AC9-41F5-8DB4-5CB1611FB977}.Release|Any CPU.ActiveCfg = Release|Win32
		{66B1B701-6AC9-41F5-8DB4-5CB1611FB977}.Release|Mixed Platforms.ActiveCfg = Release|Win32
		{66B1B701-6AC9-41F5-8DB4-5CB1611FB977}.Release|Mixed Platforms.Build.0 = Release|Win32
		{66B1B701-6AC9-41F5-8DB4-5CB1611FB977}.Release|Win32.ActiveCfg = Release|Win32
		{66B1B701-6AC9-41F5-8DB4-5CB1611FB977}.Release|Win32.Build.0 = Release|Win32
		{66B1B701-6AC9-41F5-8DB4-5CB1611FB977}.Release|x64.ActiveCfg = Release|Win32
		{66B1B701-6AC9-41F5-8DB4-5CB1611FB977}.TestDebug|Any CPU.ActiveCfg = Debug|Win32
		{66B1B701-6AC9-41F5-8DB4-5CB1611FB977}.TestDebug|Mixed Platforms.ActiveCfg = Debug|Win32
		{66B1B701-6AC9-41F5-8DB4-5CB1611FB977}.TestDebug|Mixed Platforms.Build.0 = Debug|Win32
		{66B1B701-6AC9-41F5-8DB4-5CB1611FB977}.TestDebug|Win32.ActiveCfg = Debug|Win32
		{66B1B701-6AC9-41F5-8DB4-5CB1611FB977}.TestDebug|Win32.Build.0 = Debug|Win32
		{66B1B701-6AC9-41F5-8DB4-5CB1611FB977}.TestDebug|x64.ActiveCfg = Debug|Win32
		{66B1B701-6AC9-41F5-8DB4-5CB161321977}.Debug COFF32|Any CPU.ActiveCfg = Debug|Win32
		{66B1B701-6AC9-41F5-8DB4-5CB161321977}.Debug COFF32|Mixed Platforms.ActiveCfg = Debug|Win32
		{66B1B701-6AC9-41F5-8DB4-5CB161321977}.Debug COFF32|Mixed Platforms.Build.0 = Debug|Win32
		{66B1B701-6AC9-41F5-8DB4-5CB161321977}.Debug COFF32|Win32.ActiveCfg = Debug|Win32
		{66B1B701-6AC9-41F5-8DB4-5CB161321977}.Debug COFF32|Win32.Build.0 = Debug|Win32
		{66B1B701-6AC9-41F5-8DB4-5CB161321977}.Debug COFF32|x64.ActiveCfg = Debug|Win32
		{66B1B701-6AC9-41F5-8DB4-5CB161321977}.Debug GDC|Any CPU.ActiveCfg = Debug|Win32
		{66B1B701-6AC9-41F5-8DB4-5CB161321977}.Debug GDC|Mixed Platforms.ActiveCfg = Debug|Win32
		{66B1B701-6AC9-41F5-8DB4-5CB161321977}.Debug GDC|Mixed Platforms.Build.0 = Debug|Win32
		{66B1B701-6AC9-41F5-8DB4-5CB161321977}.Debug GDC|Win32.ActiveCfg = Debug|Win32
		{66B1B701-6AC9-41F5-8DB4-5CB161321977}.Debug GDC|Win32.Build.0 = Debug|Win32
		{66B1B701-6AC9-41F5-8DB4-5CB161321977}.Debug GDC|x64.ActiveCfg = Debug|Win32
		{66B1B701-6AC9-41F5-8DB4-5CB161321977}.Debug LDC|Any CPU.ActiveCfg = Debug|Win32
		{66B1B701-6AC9-41F5-8DB4-5CB161321977}.Debug LDC|Mixed Platforms.ActiveCfg = Debug|Win32
		{66B1B701-6AC9-41F5-8DB4-5CB161321977}.Debug LDC|Mixed Platforms.Build.0 = Debug|Win32
		{66B1B701-6AC9-41F5-8DB4-5CB161321977}.Debug LDC|Win32.ActiveCfg = Debug|Win32
		{66B1B701-6AC9-41F5-8DB4-5CB161321977}.Debug LDC|Win32.Build.0 = Debug|Win32
		{66B1B701-6AC9-41F5-8DB4-5CB161321977}.Debug LDC|x64.ActiveCfg = Debug|Win32
		{66B1B701-6AC9-41F5-8DB4-5CB161321977}.Debug|Any CPU.ActiveCfg = Debug|Win32
		{66B1B701-6AC9-41F5-8DB4-5CB161321977}.Debug|Mixed Platforms.ActiveCfg = Debug|Win32
		{66B1B701-6AC9-41F5-8DB4-5CB161321977}.Debug|Mixed Platforms.Build.0 = Debug|Win32
		{66B1B701-6AC9-41F5-8DB4-5CB161321977}.Debug|Win32.ActiveCfg = Debug|Win32
		{66B1B701-6AC9-41F5-8DB4-5CB161321977}.Debug|Win32.Build.0 = Debug|Win32
		{66B1B701-6AC9-41F5-8DB4-5CB161321977}.Debug|x64.ActiveCfg = Debug|Win32
		{66B1B701-6AC9-41F5-8DB4-5CB161321977}.Release|Any CPU.ActiveCfg = Release|Win32
		{66B1B701-6AC9-41F5-8DB4-5CB161321977}.Release|Mixed Platforms.ActiveCfg = Release|Win32
		{66B1B701-6AC9-41F5-8DB4-5CB161321977}.Release|Mixed Platforms.Build.0 = Release|Win32
		{66B1B701-6AC9-41F5-8DB4-5CB161321977}.Release|Win32.ActiveCfg = Release|Win32
		{66B1B701-6AC9-41F5-8DB4-5CB161321977}.Release|Win32.Build.0 = Release|Win32
		{66B1B701-6AC9-41F5-8DB4-5CB161321977}.Release|x64.ActiveCfg = Release|Win32
		{66B1B701-6AC9-41F5-8DB4-5CB161321977}.TestDebug|Any CPU.ActiveCfg = Debug|Win32
		{66B1B701-6AC9-41F5-8DB4-5CB161321977}.TestDebug|Mixed Platforms.ActiveCfg = Debug|Win32
		{66B1B701-6AC9-41F5-8DB4-5CB161321977}.TestDebug|Mixed Platforms.Build.0 = Debug|Win32
		{66B1B701-6AC9-41F5-8DB4-5CB161321977}.TestDebug|Win32.ActiveCfg = Debug|Win32
		{66B1B701-6AC9-41F5-8DB4-5CB161321977}.TestDebug|Win32.Build.0 = Debug|Win32
		{66B1B701-6AC9-41F5-8DB4-5CB161321977}.TestDebug|x64.ActiveCfg = Debug|Win32
		{68C78CAD-6176-4C60-B4A5-520475C26D56}.Debug COFF32|Any CPU.ActiveCfg = Debug|Win32
		{68C78CAD-6176-4C60-B4A5-520475C26D56}.Debug COFF32|Mixed Platforms.ActiveCfg = Debug|Win32
		{68C78CAD-6176-4C60-B4A5-520475C26D56}.Debug COFF32|Mixed Platforms.Build.0 = Debug|Win32
		{68C78CAD-6176-4C60-B4A5-520475C26D56}.Debug COFF32|Win32.ActiveCfg = Debug|Win32
		{68C78CAD-6176-4C60-B4A5-520475C26D56}.Debug COFF32|Win32.Build.0 = Debug|Win32
		{68C78CAD-6176-4C60-B4A5-520475C26D56}.Debug COFF32|x64.ActiveCfg = Debug|Win32
		{68C78CAD-6176-4C60-B4A5-520475C26D56}.Debug GDC|Any CPU.ActiveCfg = Debug|Win32
		{68C78CAD-6176-4C60-B4A5-520475C26D56}.Debug GDC|Mixed Platforms.ActiveCfg = Debug|Win32
		{68C78CAD-6176-4C60-B4A5-520475C26D56}.Debug GDC|Mixed Platforms.Build.0 = Debug|Win32
		{68C78CAD-6176-4C60-B4A5-520475C26D56}.Debug GDC|Win32.ActiveCfg = Debug|Win32
		{68C78CAD-6176-4C60-B4A5-520475C26D56}.Debug GDC|Win32.Build.0 = Debug|Win32
		{68C78CAD-6176-4C60-B4A5-520475C26D56}.Debug GDC|x64.ActiveCfg = Debug|Win32
		{68C78CAD-6176-4C60-B4A5-520475C26D56}.Debug LDC|Any CPU.ActiveCfg = Debug|Win32
		{68C78CAD-6176-4C60-B4A5-520475C26D56}.Debug LDC|Mixed Platforms.ActiveCfg = Debug|Win32
		{68C78CAD-6176-4C60-B4A5-520475C26D56}.Debug LDC|Mixed Platforms.Build.0 = Debug|Win32
		{68C78CAD-6176-4C60-B4A5-520475C26D56}.Debug LDC|Win32.ActiveCfg = Debug|Win32
		{68C78CAD-6176-4C60-B4A5-520475C26D56}.Debug LDC|Win32.Build.0 = Debug|Win32
		{68C78CAD-6176-4C60-B4A5-520475C26D56}.Debug LDC|x64.ActiveCfg = Debug|Win32
		{68C78CAD-6176-4C60-B4A5-520475C26D56}.Debug|Any CPU.ActiveCfg = Debug|Win32
		{68C78CAD-6176-4C60-B4A5-520475C26D56}.Debug|Mixed Platforms.ActiveCfg = Debug|Win32
		{68C78CAD-6176-4C60-B4A5-520475C26D56}.Debug|Mixed Platforms.Build.0 = Debug|Win32
		{68C78CAD-6176-4C60-B4A5-520475C26D56}.Debug|Win32.ActiveCfg = Debug|Win32
		{68C78CAD-6176-4C60-B4A5-520475C26D56}.Debug|Win32.Build.0 = Debug|Win32
		{68C78CAD-6176-4C60-B4A5-520475C26D56}.Debug|x64.ActiveCfg = Debug|Win32
		{68C78CAD-6176-4C60-B4A5-520475C26D56}.Release|Any CPU.ActiveCfg = Release|Win32
		{68C78CAD-6176-4C60-B4A5-520475C26D56}.Release|Mixed Platforms.ActiveCfg = Release|Win32
		{68C78CAD-6176-4C60-B4A5-520475C26D56}.Release|Mixed Platforms.Build.0 = Release|Win32
		{68C78CAD-6176-4C60-B4A5-520475C26D56}.Release|Win32.ActiveCfg = Release|Win32
		{68C78CAD-6176-4C60-B4A5-520475C26D56}.Release|Win32.Build.0 = Release|Win32
		{68C78CAD-6176-4C60-B4A5-520475C26D56}.Release|x64.ActiveCfg = Release|Win32
		{68C78CAD-6176-4C60-B4A5-520475C26D56}.TestDebug|Any CPU.ActiveCfg = Debug|Win32
		{68C78CAD-6176-4C60-B4A5-520475C26D56}.TestDebug|Mixed Platforms.ActiveCfg = Debug|Win32
		{68C78CAD-6176-4C60-B4A5-520475C26D56}.TestDebug|Mixed Platforms.Build.0 = Debug|Win32
		{68C78CAD-6176-4C60-B4A5-520475C26D56}.TestDebug|Win32.ActiveCfg = Debug|Win32
		{68C78CAD-6176-4C60-B4A5-520475C26D56}.TestDebug|Win32.Build.0 = Debug|Win32
		{68C78CAD-6176-4C60-B4A5-520475C26D56}.TestDebug|x64.ActiveCfg = Debug|Win32
		{C4F86459-686F-4841-A6BE-7FCC38DC47FE}.Debug COFF32|Any CPU.ActiveCfg = Debug|Win32
		{C4F86459-686F-4841-A6BE-7FCC38DC47FE}.Debug COFF32|Mixed Platforms.ActiveCfg = Debug|Win32
		{C4F86459-686F-4841-A6BE-7FCC38DC47FE}.Debug COFF32|Mixed Platforms.Build.0 = Debug|Win32
		{C4F86459-686F-4841-A6BE-7FCC38DC47FE}.Debug COFF32|Win32.ActiveCfg = Debug|Win32
		{C4F86459-686F-4841-A6BE-7FCC38DC47FE}.Debug COFF32|Win32.Build.0 = Debug|Win32
		{C4F86459-686F-4841-A6BE-7FCC38DC47FE}.Debug COFF32|x64.ActiveCfg = Debug|Win32
		{C4F86459-686F-4841-A6BE-7FCC38DC47FE}.Debug GDC|Any CPU.ActiveCfg = Debug|Win32
		{C4F86459-686F-4841-A6BE-7FCC38DC47FE}.Debug GDC|Mixed Platforms.ActiveCfg = Debug|Win32
		{C4F86459-686F-4841-A6BE-7FCC38DC47FE}.Debug GDC|Mixed Platforms.Build.0 = Debug|Win32
		{C4F86459-686F-4841-A6BE-7FCC38DC47FE}.Debug GDC|Win32.ActiveCfg = Debug|Win32
		{C4F86459-686F-4841-A6BE-7FCC38DC47FE}.Debug GDC|Win32.Build.0 = Debug|Win32
		{C4F86459-686F-4841-A6BE-7FCC38DC47FE}.Debug GDC|x64.ActiveCfg = Debug|Win32
		{C4F86459-686F-4841-A6BE-7FCC38DC47FE}.Debug LDC|Any CPU.ActiveCfg = Debug|Win32
		{C4F86459-686F-4841-A6BE-7FCC38DC47FE}.Debug LDC|Mixed Platforms.ActiveCfg = Debug|Win32
		{C4F86459-686F-4841-A6BE-7FCC38DC47FE}.Debug LDC|Mixed Platforms.Build.0 = Debug|Win32
		{C4F86459-686F-4841-A6BE-7FCC38DC47FE}.Debug LDC|Win32.ActiveCfg = Debug|Win32
		{C4F86459-686F-4841-A6BE-7FCC38DC47FE}.Debug LDC|Win32.Build.0 = Debug|Win32
		{C4F86459-686F-4841-A6BE-7FCC38DC47FE}.Debug LDC|x64.ActiveCfg = Debug|Win32
		{C4F86459-686F-4841-A6BE-7FCC38DC47FE}.Debug|Any CPU.ActiveCfg = Debug|Win32
		{C4F86459-686F-4841-A6BE-7FCC38DC47FE}.Debug|Mixed Platforms.ActiveCfg = Debug|Win32
		{C4F86459-686F-4841-A6BE-7FCC38DC47FE}.Debug|Mixed Platforms.Build.0 = Debug|Win32
		{C4F86459-686F-4841-A6BE-7FCC38DC47FE}.Debug|Win32.ActiveCfg = Debug|Win32
		{C4F86459-686F-4841-A6BE-7FCC38DC47FE}.Debug|Win32.Build.0 = Debug|Win32
		{C4F86459-686F-4841-A6BE-7FCC38DC47FE}.Debug|x64.ActiveCfg = Debug|Win32
		{C4F86459-686F-4841-A6BE-7FCC38DC47FE}.Release|Any CPU.ActiveCfg = Release|Win32
		{C4F86459-686F-4841-A6BE-7FCC38DC47FE}.Release|Mixed Platforms.ActiveCfg = Release|Win32
		{C4F86459-686F-4841-A6BE-7FCC38DC47FE}.Release|Mixed Platforms.Build.0 = Release|Win32
		{C4F86459-686F-4841-A6BE-7FCC38DC47FE}.Release|Win32.ActiveCfg = Release|Win32
		{C4F86459-686F-4841-A6BE-7FCC38DC47FE}.Release|Win32.Build.0 = Release|Win32
		{C4F86459-686F-4841-A6BE-7FCC38DC47FE}.Release|x64.ActiveCfg = Release|Win32
		{C4F86459-686F-4841-A6BE-7FCC38DC47FE}.TestDebug|Any CPU.ActiveCfg = Debug|Win32
		{C4F86459-686F-4841-A6BE-7FCC38DC47FE}.TestDebug|Mixed Platforms.ActiveCfg = Debug|Win32
		{C4F86459-686F-4841-A6BE-7FCC38DC47FE}.TestDebug|Mixed Platforms.Build.0 = Debug|Win32
		{C4F86459-686F-4841-A6BE-7FCC38DC47FE}.TestDebug|Win32.ActiveCfg = Debug|Win32
		{C4F86459-686F-4841-A6BE-7FCC38DC47FE}.TestDebug|Win32.Build.0 = Debug|Win32
		{C4F86459-686F-4841-A6BE-7FCC38DC47FE}.TestDebug|x64.ActiveCfg = Debug|Win32
		{5867E363-515A-4C7E-82C7-D1C1D35F55FC}.Debug COFF32|Any CPU.ActiveCfg = Debug|Win32
		{5867E363-515A-4C7E-82C7-D1C1D35F55FC}.Debug COFF32|Mixed Platforms.ActiveCfg = Debug|Win32
		{5867E363-515A-4C7E-82C7-D1C1D35F55FC}.Debug COFF32|Mixed Platforms.Build.0 = Debug|Win32
		{5867E363-515A-4C7E-82C7-D1C1D35F55FC}.Debug COFF32|Win32.ActiveCfg = Debug|Win32
		{5867E363-515A-4C7E-82C7-D1C1D35F55FC}.Debug COFF32|Win32.Build.0 = Debug|Win32
		{5867E363-515A-4C7E-82C7-D1C1D35F55FC}.Debug COFF32|x64.ActiveCfg = Debug|Win32
		{5867E363-515A-4C7E-82C7-D1C1D35F55FC}.Debug GDC|Any CPU.ActiveCfg = Debug|Win32
		{5867E363-515A-4C7E-82C7-D1C1D35F55FC}.Debug GDC|Mixed Platforms.ActiveCfg = Debug|Win32
		{5867E363-515A-4C7E-82C7-D1C1D35F55FC}.Debug GDC|Mixed Platforms.Build.0 = Debug|Win32
		{5867E363-515A-4C7E-82C7-D1C1D35F55FC}.Debug GDC|Win32.ActiveCfg = Debug|Win32
		{5867E363-515A-4C7E-82C7-D1C1D35F55FC}.Debug GDC|Win32.Build.0 = Debug|Win32
		{5867E363-515A-4C7E-82C7-D1C1D35F55FC}.Debug GDC|x64.ActiveCfg = Debug|Win32
		{5867E363-515A-4C7E-82C7-D1C1D35F55FC}.Debug LDC|Any CPU.ActiveCfg = Debug|Win32
		{5867E363-515A-4C7E-82C7-D1C1D35F55FC}.Debug LDC|Mixed Platforms.ActiveCfg = Debug|Win32
		{5867E363-515A-4C7E-82C7-D1C1D35F55FC}.Debug LDC|Mixed Platforms.Build.0 = Debug|Win32
		{5867E363-515A-4C7E-82C7-D1C1D35F55FC}.Debug LDC|Win32.ActiveCfg = Debug|Win32
		{5867E363-515A-4C7E-82C7-D1C1D35F55FC}.Debug LDC|Win32.Build.0 = Debug|Win32
		{5867E363-515A-4C7E-82C7-D1C1D35F55FC}.Debug LDC|x64.ActiveCfg = Debug|Win32
		{5867E363-515A-4C7E-82C7-D1C1D35F55FC}.Debug|Any CPU.ActiveCfg = Debug|Win32
		{5867E363-515A-4C7E-82C7-D1C1D35F55FC}.Debug|Mixed Platforms.ActiveCfg = Debug|Win32
		{5867E363-515A-4C7E-82C7-D1C1D35F55FC}.Debug|Mixed Platforms.Build.0 = Debug|Win32
		{5867E363-515A-4C7E-82C7-D1C1D35F55FC}.Debug|Win32.ActiveCfg = Debug|Win32
		{5867E363-515A-4C7E-82C7-D1C1D35F55FC}.Debug|Win32.Build.0 = Debug|Win32
		{5867E363-515A-4C7E-82C7-D1C1D35F55FC}.Debug|x64.ActiveCfg = Debug|Win32
		{5867E363-515A-4C7E-82C7-D1C1D35F55FC}.Release|Any CPU.ActiveCfg = Release|Win32
		{5867E363-515A-4C7E-82C7-D1C1D35F55FC}.Release|Mixed Platforms.ActiveCfg = Release|Win32
		{5867E363-515A-4C7E-82C7-D1C1D35F55FC}.Release|Mixed Platforms.Build.0 = Release|Win32
		{5867E363-515A-4C7E-82C7-D1C1D35F55FC}.Release|Win32.ActiveCfg = Release|Win32
		{5867E363-515A-4C7E-82C7-D1C1D35F55FC}.Release|Win32.Build.0 = Release|Win32
		{5867E363-515A-4C7E-82C7-D1C1D35F55FC}.Release|x64.ActiveCfg = Release|Win32
		{5867E363-515A-4C7E-82C7-D1C1D35F55FC}.TestDebug|Any CPU.ActiveCfg = Debug|Win32
		{5867E363-515A-4C7E-82C7-D1C1D35F55FC}.TestDebug|Mixed Platforms.ActiveCfg = Debug|Win32
		{5867E363-515A-4C7E-82C7-D1C1D35F55FC}.TestDebug|Mixed Platforms.Build.0 = Debug|Win32
		{5867E363-515A-4C7E-82C7-D1C1D35F55FC}.TestDebug|Win32.ActiveCfg = Debug|Win32
		{5867E363-515A-4C7E-82C7-D1C1D35F55FC}.TestDebug|Win32.Build.0 = Debug|Win32
		{5867E363-515A-4C7E-82C7-D1C1D35F55FC}.TestDebug|x64.ActiveCfg = Debug|Win32
		{DB490C05-D9F8-431C-91DD-CEE646A64FDA}.Debug COFF32|Any CPU.ActiveCfg = Debug|Win32
		{DB490C05-D9F8-431C-91DD-CEE646A64FDA}.Debug COFF32|Mixed Platforms.ActiveCfg = Debug|Win32
		{DB490C05-D9F8-431C-91DD-CEE646A64FDA}.Debug COFF32|Mixed Platforms.Build.0 = Debug|Win32
		{DB490C05-D9F8-431C-91DD-CEE646A64FDA}.Debug COFF32|Win32.ActiveCfg = Debug|Win32
		{DB490C05-D9F8-431C-91DD-CEE646A64FDA}.Debug COFF32|Win32.Build.0 = Debug|Win32
		{DB490C05-D9F8-431C-91DD-CEE646A64FDA}.Debug COFF32|x64.ActiveCfg = Debug|Win32
		{DB490C05-D9F8-431C-91DD-CEE646A64FDA}.Debug GDC|Any CPU.ActiveCfg = Debug|Win32
		{DB490C05-D9F8-431C-91DD-CEE646A64FDA}.Debug GDC|Mixed Platforms.ActiveCfg = Debug|Win32
		{DB490C05-D9F8-431C-91DD-CEE646A64FDA}.Debug GDC|Mixed Platforms.Build.0 = Debug|Win32
		{DB490C05-D9F8-431C-91DD-CEE646A64FDA}.Debug GDC|Win32.ActiveCfg = Debug|Win32
		{DB490C05-D9F8-431C-91DD-CEE646A64FDA}.Debug GDC|Win32.Build.0 = Debug|Win32
		{DB490C05-D9F8-431C-91DD-CEE646A64FDA}.Debug GDC|x64.ActiveCfg = Debug|Win32
		{DB490C05-D9F8-431C-91DD-CEE646A64FDA}.Debug LDC|Any CPU.ActiveCfg = Debug|Win32
		{DB490C05-D9F8-431C-91DD-CEE646A64FDA}.Debug LDC|Mixed Platforms.ActiveCfg = Debug|Win32
		{DB490C05-D9F8-431C-91DD-CEE646A64FDA}.Debug LDC|Mixed Platforms.Build.0 = Debug|Win32
		{DB490C05-D9F8-431C-91DD-CEE646A64FDA}.Debug LDC|Win32.ActiveCfg = Debug|Win32
		{DB490C05-D9F8-431C-91DD-CEE646A64FDA}.Debug LDC|Win32.Build.0 = Debug|Win32
		{DB490C05-D9F8-431C-91DD-CEE646A64FDA}.Debug LDC|x64.ActiveCfg = Debug|Win32
		{DB490C05-D9F8-431C-91DD-CEE646A64FDA}.Debug|Any CPU.ActiveCfg = Debug|Win32
		{DB490C05-D9F8-431C-91DD-CEE646A64FDA}.Debug|Mixed Platforms.ActiveCfg = Debug|Win32
		{DB490C05-D9F8-431C-91DD-CEE646A64FDA}.Debug|Mixed Platforms.Build.0 = Debug|Win32
		{DB490C05-D9F8-431C-91DD-CEE646A64FDA}.Debug|Win32.ActiveCfg = Debug|Win32
		{DB490C05-D9F8-431C-91DD-CEE646A64FDA}.Debug|Win32.Build.0 = Debug|Win32
		{DB490C05-D9F8-431C-91DD-CEE646A64FDA}.Debug|x64.ActiveCfg = Debug|Win32
		{DB490C05-D9F8-431C-91DD-CEE646A64FDA}.Release|Any CPU.ActiveCfg = Release|Win32
		{DB490C05-D9F8-431C-91DD-CEE646A64FDA}.Release|Mixed Platforms.ActiveCfg = Release|Win32
		{DB490C05-D9F8-431C-91DD-CEE646A64FDA}.Release|Mixed Platforms.Build.0 = Release|Win32
		{DB490C05-D9F8-431C-91DD-CEE646A64FDA}.Release|Win32.ActiveCfg = Release|Win32
		{DB490C05-D9F8-431C-91DD-CEE646A64FDA}.Release|Win32.Build.0 = Release|Win32
		{DB490C05-D9F8-431C-91DD-CEE646A64FDA}.Release|x64.ActiveCfg = Release|Win32
		{DB490C05-D9F8-431C-91DD-CEE646A64FDA}.TestDebug|Any CPU.ActiveCfg = Debug|Win32
		{DB490C05-D9F8-431C-91DD-CEE646A64FDA}.TestDebug|Mixed Platforms.ActiveCfg = Debug|Win32
		{DB490C05-D9F8-431C-91DD-CEE646A64FDA}.TestDebug|Mixed Platforms.Build.0 = Debug|Win32
		{DB490C05-D9F8-431C-91DD-CEE646A64FDA}.TestDebug|Win32.ActiveCfg = Debug|Win32
		{DB490C05-D9F8-431C-91DD-CEE646A64FDA}.TestDebug|Win32.Build.0 = Debug|Win32
		{DB490C05-D9F8-431C-91DD-CEE646A64FDA}.TestDebug|x64.ActiveCfg = Debug|Win32
	EndGlobalSection
	GlobalSection(SolutionProperties) = preSolution
		HideSolutionNode = FALSE
	EndGlobalSection
EndGlobal
