
Microsoft Visual Studio Solution File, Format Version 12.00
# Visual Studio 14
VisualStudioVersion = 14.0.24720.0
MinimumVisualStudioVersion = 10.0.40219.1
Project("{002A2DE9-8BB6-484D-9802-7E4AD4084715}") = "dlangui", "dlangui-msvc.visualdproj", "{52A2ABB9-2CF7-4D5F-AE8C-75B21F8585A5}"
EndProject
Project("{002A2DE9-8BB6-484D-9802-7E4AD4084715}") = "d3d", "examples\d3d\d3d-msvc.visualdproj", "{1C8C4726-B356-4533-90C7-88BDA875BF30}"
	ProjectSection(ProjectDependencies) = postProject
		{52A2ABB9-2CF7-4D5F-AE8C-75B21F8585A5} = {52A2ABB9-2CF7-4D5F-AE8C-75B21F8585A5}
	EndProjectSection
EndProject
Project("{002A2DE9-8BB6-484D-9802-7E4AD4084715}") = "dmledit", "examples\dmledit\dmledit-msvc.visualdproj", "{79EA1B6E-D87E-4C45-A12D-7AD00C398F1F}"
	ProjectSection(ProjectDependencies) = postProject
		{52A2ABB9-2CF7-4D5F-AE8C-75B21F8585A5} = {52A2ABB9-2CF7-4D5F-AE8C-75B21F8585A5}
	EndProjectSection
EndProject
Project("{002A2DE9-8BB6-484D-9802-7E4AD4084715}") = "example1", "examples\example1\example1-msvc.visualdproj", "{B1CA031C-C195-4938-8F3E-8BFF7DA68933}"
	ProjectSection(ProjectDependencies) = postProject
		{52A2ABB9-2CF7-4D5F-AE8C-75B21F8585A5} = {52A2ABB9-2CF7-4D5F-AE8C-75B21F8585A5}
	EndProjectSection
EndProject
Project("{002A2DE9-8BB6-484D-9802-7E4AD4084715}") = "helloworld", "examples\helloworld\helloworld-msvc.visualdproj", "{9F5147FF-DB71-4CEC-BF2F-803143E42BCD}"
	ProjectSection(ProjectDependencies) = postProject
		{52A2ABB9-2CF7-4D5F-AE8C-75B21F8585A5} = {52A2ABB9-2CF7-4D5F-AE8C-75B21F8585A5}
	EndProjectSection
EndProject
Project("{002A2DE9-8BB6-484D-9802-7E4AD4084715}") = "tetris", "examples\tetris\tetris-msvc.visualdproj", "{954B6A84-1EEC-42B0-B215-2A17842B1101}"
	ProjectSection(ProjectDependencies) = postProject
		{52A2ABB9-2CF7-4D5F-AE8C-75B21F8585A5} = {52A2ABB9-2CF7-4D5F-AE8C-75B21F8585A5}
	EndProjectSection
EndProject
Project("{002A2DE9-8BB6-484D-9802-7E4AD4084715}") = "dlangide", "..\dlangide\dlangide_msvc.visualdproj", "{DA4E9F22-21EB-4A71-AF1F-3B5BC370CBA0}"
	ProjectSection(ProjectDependencies) = postProject
		{52A2ABB9-2CF7-4D5F-AE8C-75B21F8585A5} = {52A2ABB9-2CF7-4D5F-AE8C-75B21F8585A5}
	EndProjectSection
EndProject
Project("{002A2DE9-8BB6-484D-9802-7E4AD4084715}") = "spreadsheet", "examples\spreadsheet\spreadsheet-msvc.visualdproj", "{533AF38D-98E7-446F-9689-805BDFF3CE84}"
	ProjectSection(ProjectDependencies) = postProject
		{52A2ABB9-2CF7-4D5F-AE8C-75B21F8585A5} = {52A2ABB9-2CF7-4D5F-AE8C-75B21F8585A5}
	EndProjectSection
EndProject
Project("{002A2DE9-8BB6-484D-9802-7E4AD4084715}") = "opengl", "examples\opengl\opengl-msvc.visualdproj", "{29CF2CAC-2C0C-4F17-9292-E1706AC7EBBF}"
	ProjectSection(ProjectDependencies) = postProject
		{52A2ABB9-2CF7-4D5F-AE8C-75B21F8585A5} = {52A2ABB9-2CF7-4D5F-AE8C-75B21F8585A5}
	EndProjectSection
EndProject
Global
	GlobalSection(SolutionConfigurationPlatforms) = preSolution
		Debug|Win32 = Debug|Win32
		Debug|x64 = Debug|x64
		Release|Win32 = Release|Win32
		Release|x64 = Release|x64
		Unittest|Win32 = Unittest|Win32
		Unittest|x64 = Unittest|x64
	EndGlobalSection
	GlobalSection(ProjectConfigurationPlatforms) = postSolution
		{52A2ABB9-2CF7-4D5F-AE8C-75B21F8585A5}.Debug|Win32.ActiveCfg = Debug|Win32
		{52A2ABB9-2CF7-4D5F-AE8C-75B21F8585A5}.Debug|Win32.Build.0 = Debug|Win32
		{52A2ABB9-2CF7-4D5F-AE8C-75B21F8585A5}.Debug|x64.ActiveCfg = Debug|x64
		{52A2ABB9-2CF7-4D5F-AE8C-75B21F8585A5}.Debug|x64.Build.0 = Debug|x64
		{52A2ABB9-2CF7-4D5F-AE8C-75B21F8585A5}.Release|Win32.ActiveCfg = Release|Win32
		{52A2ABB9-2CF7-4D5F-AE8C-75B21F8585A5}.Release|Win32.Build.0 = Release|Win32
		{52A2ABB9-2CF7-4D5F-AE8C-75B21F8585A5}.Release|x64.ActiveCfg = Release|x64
		{52A2ABB9-2CF7-4D5F-AE8C-75B21F8585A5}.Release|x64.Build.0 = Release|x64
		{52A2ABB9-2CF7-4D5F-AE8C-75B21F8585A5}.Unittest|Win32.ActiveCfg = Unittest|Win32
		{52A2ABB9-2CF7-4D5F-AE8C-75B21F8585A5}.Unittest|Win32.Build.0 = Unittest|Win32
		{52A2ABB9-2CF7-4D5F-AE8C-75B21F8585A5}.Unittest|x64.ActiveCfg = Unittest|x64
		{52A2ABB9-2CF7-4D5F-AE8C-75B21F8585A5}.Unittest|x64.Build.0 = Unittest|x64
		{1C8C4726-B356-4533-90C7-88BDA875BF30}.Debug|Win32.ActiveCfg = Debug|Win32
		{1C8C4726-B356-4533-90C7-88BDA875BF30}.Debug|Win32.Build.0 = Debug|Win32
		{1C8C4726-B356-4533-90C7-88BDA875BF30}.Debug|x64.ActiveCfg = Debug|x64
		{1C8C4726-B356-4533-90C7-88BDA875BF30}.Debug|x64.Build.0 = Debug|x64
		{1C8C4726-B356-4533-90C7-88BDA875BF30}.Release|Win32.ActiveCfg = Release|Win32
		{1C8C4726-B356-4533-90C7-88BDA875BF30}.Release|Win32.Build.0 = Release|Win32
		{1C8C4726-B356-4533-90C7-88BDA875BF30}.Release|x64.ActiveCfg = Release|x64
		{1C8C4726-B356-4533-90C7-88BDA875BF30}.Release|x64.Build.0 = Release|x64
		{1C8C4726-B356-4533-90C7-88BDA875BF30}.Unittest|Win32.ActiveCfg = Release|Win32
		{1C8C4726-B356-4533-90C7-88BDA875BF30}.Unittest|Win32.Build.0 = Release|Win32
		{1C8C4726-B356-4533-90C7-88BDA875BF30}.Unittest|x64.ActiveCfg = Release|x64
		{1C8C4726-B356-4533-90C7-88BDA875BF30}.Unittest|x64.Build.0 = Release|x64
		{79EA1B6E-D87E-4C45-A12D-7AD00C398F1F}.Debug|Win32.ActiveCfg = Debug|Win32
		{79EA1B6E-D87E-4C45-A12D-7AD00C398F1F}.Debug|Win32.Build.0 = Debug|Win32
		{79EA1B6E-D87E-4C45-A12D-7AD00C398F1F}.Debug|x64.ActiveCfg = Debug|x64
		{79EA1B6E-D87E-4C45-A12D-7AD00C398F1F}.Debug|x64.Build.0 = Debug|x64
		{79EA1B6E-D87E-4C45-A12D-7AD00C398F1F}.Release|Win32.ActiveCfg = Release|Win32
		{79EA1B6E-D87E-4C45-A12D-7AD00C398F1F}.Release|Win32.Build.0 = Release|Win32
		{79EA1B6E-D87E-4C45-A12D-7AD00C398F1F}.Release|x64.ActiveCfg = Release|x64
		{79EA1B6E-D87E-4C45-A12D-7AD00C398F1F}.Release|x64.Build.0 = Release|x64
		{79EA1B6E-D87E-4C45-A12D-7AD00C398F1F}.Unittest|Win32.ActiveCfg = Release|Win32
		{79EA1B6E-D87E-4C45-A12D-7AD00C398F1F}.Unittest|Win32.Build.0 = Release|Win32
		{79EA1B6E-D87E-4C45-A12D-7AD00C398F1F}.Unittest|x64.ActiveCfg = Release|x64
		{79EA1B6E-D87E-4C45-A12D-7AD00C398F1F}.Unittest|x64.Build.0 = Release|x64
		{B1CA031C-C195-4938-8F3E-8BFF7DA68933}.Debug|Win32.ActiveCfg = Debug|Win32
		{B1CA031C-C195-4938-8F3E-8BFF7DA68933}.Debug|Win32.Build.0 = Debug|Win32
		{B1CA031C-C195-4938-8F3E-8BFF7DA68933}.Debug|x64.ActiveCfg = Debug|x64
		{B1CA031C-C195-4938-8F3E-8BFF7DA68933}.Debug|x64.Build.0 = Debug|x64
		{B1CA031C-C195-4938-8F3E-8BFF7DA68933}.Release|Win32.ActiveCfg = Release|Win32
		{B1CA031C-C195-4938-8F3E-8BFF7DA68933}.Release|Win32.Build.0 = Release|Win32
		{B1CA031C-C195-4938-8F3E-8BFF7DA68933}.Release|x64.ActiveCfg = Release|x64
		{B1CA031C-C195-4938-8F3E-8BFF7DA68933}.Release|x64.Build.0 = Release|x64
		{B1CA031C-C195-4938-8F3E-8BFF7DA68933}.Unittest|Win32.ActiveCfg = Release|Win32
		{B1CA031C-C195-4938-8F3E-8BFF7DA68933}.Unittest|Win32.Build.0 = Release|Win32
		{B1CA031C-C195-4938-8F3E-8BFF7DA68933}.Unittest|x64.ActiveCfg = Release|x64
		{B1CA031C-C195-4938-8F3E-8BFF7DA68933}.Unittest|x64.Build.0 = Release|x64
		{9F5147FF-DB71-4CEC-BF2F-803143E42BCD}.Debug|Win32.ActiveCfg = Debug|Win32
		{9F5147FF-DB71-4CEC-BF2F-803143E42BCD}.Debug|Win32.Build.0 = Debug|Win32
		{9F5147FF-DB71-4CEC-BF2F-803143E42BCD}.Debug|x64.ActiveCfg = Debug|x64
		{9F5147FF-DB71-4CEC-BF2F-803143E42BCD}.Debug|x64.Build.0 = Debug|x64
		{9F5147FF-DB71-4CEC-BF2F-803143E42BCD}.Release|Win32.ActiveCfg = Release|Win32
		{9F5147FF-DB71-4CEC-BF2F-803143E42BCD}.Release|Win32.Build.0 = Release|Win32
		{9F5147FF-DB71-4CEC-BF2F-803143E42BCD}.Release|x64.ActiveCfg = Release|x64
		{9F5147FF-DB71-4CEC-BF2F-803143E42BCD}.Release|x64.Build.0 = Release|x64
		{9F5147FF-DB71-4CEC-BF2F-803143E42BCD}.Unittest|Win32.ActiveCfg = Release|Win32
		{9F5147FF-DB71-4CEC-BF2F-803143E42BCD}.Unittest|Win32.Build.0 = Release|Win32
		{9F5147FF-DB71-4CEC-BF2F-803143E42BCD}.Unittest|x64.ActiveCfg = Release|x64
		{9F5147FF-DB71-4CEC-BF2F-803143E42BCD}.Unittest|x64.Build.0 = Release|x64
		{954B6A84-1EEC-42B0-B215-2A17842B1101}.Debug|Win32.ActiveCfg = Debug|Win32
		{954B6A84-1EEC-42B0-B215-2A17842B1101}.Debug|Win32.Build.0 = Debug|Win32
		{954B6A84-1EEC-42B0-B215-2A17842B1101}.Debug|x64.ActiveCfg = Debug|x64
		{954B6A84-1EEC-42B0-B215-2A17842B1101}.Debug|x64.Build.0 = Debug|x64
		{954B6A84-1EEC-42B0-B215-2A17842B1101}.Release|Win32.ActiveCfg = Release|Win32
		{954B6A84-1EEC-42B0-B215-2A17842B1101}.Release|Win32.Build.0 = Release|Win32
		{954B6A84-1EEC-42B0-B215-2A17842B1101}.Release|x64.ActiveCfg = Release|x64
		{954B6A84-1EEC-42B0-B215-2A17842B1101}.Release|x64.Build.0 = Release|x64
		{954B6A84-1EEC-42B0-B215-2A17842B1101}.Unittest|Win32.ActiveCfg = Release|Win32
		{954B6A84-1EEC-42B0-B215-2A17842B1101}.Unittest|Win32.Build.0 = Release|Win32
		{954B6A84-1EEC-42B0-B215-2A17842B1101}.Unittest|x64.ActiveCfg = Release|x64
		{954B6A84-1EEC-42B0-B215-2A17842B1101}.Unittest|x64.Build.0 = Release|x64
		{DA4E9F22-21EB-4A71-AF1F-3B5BC370CBA0}.Debug|Win32.ActiveCfg = Debug|Win32
		{DA4E9F22-21EB-4A71-AF1F-3B5BC370CBA0}.Debug|Win32.Build.0 = Debug|Win32
		{DA4E9F22-21EB-4A71-AF1F-3B5BC370CBA0}.Debug|x64.ActiveCfg = Debug|x64
		{DA4E9F22-21EB-4A71-AF1F-3B5BC370CBA0}.Release|Win32.ActiveCfg = Release|Win32
		{DA4E9F22-21EB-4A71-AF1F-3B5BC370CBA0}.Release|Win32.Build.0 = Release|Win32
		{DA4E9F22-21EB-4A71-AF1F-3B5BC370CBA0}.Release|x64.ActiveCfg = Release|x64
		{DA4E9F22-21EB-4A71-AF1F-3B5BC370CBA0}.Unittest|Win32.ActiveCfg = Release|Win32
		{DA4E9F22-21EB-4A71-AF1F-3B5BC370CBA0}.Unittest|Win32.Build.0 = Release|Win32
		{DA4E9F22-21EB-4A71-AF1F-3B5BC370CBA0}.Unittest|x64.ActiveCfg = Release|x64
		{DA4E9F22-21EB-4A71-AF1F-3B5BC370CBA0}.Unittest|x64.Build.0 = Release|x64
		{533AF38D-98E7-446F-9689-805BDFF3CE84}.Debug|Win32.ActiveCfg = Debug|Win32
		{533AF38D-98E7-446F-9689-805BDFF3CE84}.Debug|Win32.Build.0 = Debug|Win32
		{533AF38D-98E7-446F-9689-805BDFF3CE84}.Debug|x64.ActiveCfg = Debug|x64
		{533AF38D-98E7-446F-9689-805BDFF3CE84}.Debug|x64.Build.0 = Debug|x64
		{533AF38D-98E7-446F-9689-805BDFF3CE84}.Release|Win32.ActiveCfg = Release|Win32
		{533AF38D-98E7-446F-9689-805BDFF3CE84}.Release|Win32.Build.0 = Release|Win32
		{533AF38D-98E7-446F-9689-805BDFF3CE84}.Release|x64.ActiveCfg = Release|x64
		{533AF38D-98E7-446F-9689-805BDFF3CE84}.Unittest|Win32.ActiveCfg = Release|Win32
		{533AF38D-98E7-446F-9689-805BDFF3CE84}.Unittest|Win32.Build.0 = Release|Win32
		{533AF38D-98E7-446F-9689-805BDFF3CE84}.Unittest|x64.ActiveCfg = Release|x64
		{533AF38D-98E7-446F-9689-805BDFF3CE84}.Unittest|x64.Build.0 = Release|x64
		{29CF2CAC-2C0C-4F17-9292-E1706AC7EBBF}.Debug|Win32.ActiveCfg = Debug|Win32
		{29CF2CAC-2C0C-4F17-9292-E1706AC7EBBF}.Debug|Win32.Build.0 = Debug|Win32
		{29CF2CAC-2C0C-4F17-9292-E1706AC7EBBF}.Debug|x64.ActiveCfg = Debug|x64
		{29CF2CAC-2C0C-4F17-9292-E1706AC7EBBF}.Release|Win32.ActiveCfg = Release|Win32
		{29CF2CAC-2C0C-4F17-9292-E1706AC7EBBF}.Release|Win32.Build.0 = Release|Win32
		{29CF2CAC-2C0C-4F17-9292-E1706AC7EBBF}.Release|x64.ActiveCfg = Release|x64
		{29CF2CAC-2C0C-4F17-9292-E1706AC7EBBF}.Unittest|Win32.ActiveCfg = Release|Win32
		{29CF2CAC-2C0C-4F17-9292-E1706AC7EBBF}.Unittest|Win32.Build.0 = Release|Win32
		{29CF2CAC-2C0C-4F17-9292-E1706AC7EBBF}.Unittest|x64.ActiveCfg = Release|x64
		{29CF2CAC-2C0C-4F17-9292-E1706AC7EBBF}.Unittest|x64.Build.0 = Release|x64
	EndGlobalSection
	GlobalSection(SolutionProperties) = preSolution
		HideSolutionNode = FALSE
	EndGlobalSection
EndGlobal
