
Microsoft Visual Studio Solution File, Format Version 12.00
# Visual Studio 2012
Project("{3947E667-4C90-4C3A-BEB9-7148D6FE0D7C}") = "dlangui-monod-osx", "dlangui-monod-osx.dproj", "{1CC7C43E-7B39-4AFC-A45B-F1D9F582CF6D}"
EndProject
Project("{3947E667-4C90-4C3A-BEB9-7148D6FE0D7C}") = "example1-monod-osx", "examples\example1\example1-monod-osx.dproj", "{079F4963-E637-4E8F-9EB3-BDC404F9DC1D}"
EndProject
Project("{3947E667-4C90-4C3A-BEB9-7148D6FE0D7C}") = "derelictcocoatest-monod-osx", "examples\derelictcocoatest-monod-osx\derelictcocoatest-monod-osx.dproj", "{1F050D82-5245-4B51-A554-473194EA0DE9}"
EndProject
Project("{3947E667-4C90-4C3A-BEB9-7148D6FE0D7C}") = "dmledit-monod-osx", "examples\dmledit\dmledit-monod-osx.dproj", "{8E3B1C65-63A3-4BD8-9268-604EE648E861}"
EndProject
Project("{3947E667-4C90-4C3A-BEB9-7148D6FE0D7C}") = "helloworld-monod-osx", "examples\helloworld\helloworld-monod-osx.dproj", "{CB4E43FF-5E6A-4F4E-9A6C-F182EC258112}"
EndProject
Project("{3947E667-4C90-4C3A-BEB9-7148D6FE0D7C}") = "tetris-monod-osx", "examples\tetris\tetris-monod-osx.dproj", "{07ECE815-C4C3-4CDB-A60C-2E304EAAA2C7}"
EndProject
Global
	GlobalSection(SolutionConfigurationPlatforms) = preSolution
		Debug|Any CPU = Debug|Any CPU
		Release|Any CPU = Release|Any CPU
		Unittest|Any CPU = Unittest|Any CPU
	EndGlobalSection
	GlobalSection(ProjectConfigurationPlatforms) = postSolution
		{079F4963-E637-4E8F-9EB3-BDC404F9DC1D}.Debug|Any CPU.ActiveCfg = Debug|x64
		{079F4963-E637-4E8F-9EB3-BDC404F9DC1D}.Debug|Any CPU.Build.0 = Debug|x64
		{079F4963-E637-4E8F-9EB3-BDC404F9DC1D}.Release|Any CPU.ActiveCfg = Release|x64
		{079F4963-E637-4E8F-9EB3-BDC404F9DC1D}.Release|Any CPU.Build.0 = Release|x64
		{079F4963-E637-4E8F-9EB3-BDC404F9DC1D}.Unittest|Any CPU.ActiveCfg = Unittest|x64
		{079F4963-E637-4E8F-9EB3-BDC404F9DC1D}.Unittest|Any CPU.Build.0 = Unittest|x64
		{07ECE815-C4C3-4CDB-A60C-2E304EAAA2C7}.Debug|Any CPU.ActiveCfg = Debug|x64
		{07ECE815-C4C3-4CDB-A60C-2E304EAAA2C7}.Debug|Any CPU.Build.0 = Debug|x64
		{07ECE815-C4C3-4CDB-A60C-2E304EAAA2C7}.Release|Any CPU.ActiveCfg = Release|x64
		{07ECE815-C4C3-4CDB-A60C-2E304EAAA2C7}.Release|Any CPU.Build.0 = Release|x64
		{07ECE815-C4C3-4CDB-A60C-2E304EAAA2C7}.Unittest|Any CPU.ActiveCfg = Unittest|x64
		{07ECE815-C4C3-4CDB-A60C-2E304EAAA2C7}.Unittest|Any CPU.Build.0 = Unittest|x64
		{1CC7C43E-7B39-4AFC-A45B-F1D9F582CF6D}.Debug|Any CPU.ActiveCfg = Debug|x64
		{1CC7C43E-7B39-4AFC-A45B-F1D9F582CF6D}.Debug|Any CPU.Build.0 = Debug|x64
		{1CC7C43E-7B39-4AFC-A45B-F1D9F582CF6D}.Release|Any CPU.ActiveCfg = Release|x64
		{1CC7C43E-7B39-4AFC-A45B-F1D9F582CF6D}.Release|Any CPU.Build.0 = Release|x64
		{1CC7C43E-7B39-4AFC-A45B-F1D9F582CF6D}.Unittest|Any CPU.ActiveCfg = Unittest|x64
		{1CC7C43E-7B39-4AFC-A45B-F1D9F582CF6D}.Unittest|Any CPU.Build.0 = Unittest|x64
		{1F050D82-5245-4B51-A554-473194EA0DE9}.Debug|Any CPU.ActiveCfg = Debug|Any CPU
		{1F050D82-5245-4B51-A554-473194EA0DE9}.Debug|Any CPU.Build.0 = Debug|Any CPU
		{1F050D82-5245-4B51-A554-473194EA0DE9}.Release|Any CPU.ActiveCfg = Release|Any CPU
		{1F050D82-5245-4B51-A554-473194EA0DE9}.Release|Any CPU.Build.0 = Release|Any CPU
		{1F050D82-5245-4B51-A554-473194EA0DE9}.Unittest|Any CPU.ActiveCfg = Unittest|Any CPU
		{1F050D82-5245-4B51-A554-473194EA0DE9}.Unittest|Any CPU.Build.0 = Unittest|Any CPU
		{8E3B1C65-63A3-4BD8-9268-604EE648E861}.Debug|Any CPU.ActiveCfg = Debug|x64
		{8E3B1C65-63A3-4BD8-9268-604EE648E861}.Debug|Any CPU.Build.0 = Debug|x64
		{8E3B1C65-63A3-4BD8-9268-604EE648E861}.Release|Any CPU.ActiveCfg = Release|x64
		{8E3B1C65-63A3-4BD8-9268-604EE648E861}.Release|Any CPU.Build.0 = Release|x64
		{8E3B1C65-63A3-4BD8-9268-604EE648E861}.Unittest|Any CPU.ActiveCfg = Unittest|x64
		{8E3B1C65-63A3-4BD8-9268-604EE648E861}.Unittest|Any CPU.Build.0 = Unittest|x64
		{CB4E43FF-5E6A-4F4E-9A6C-F182EC258112}.Debug|Any CPU.ActiveCfg = Debug|x64
		{CB4E43FF-5E6A-4F4E-9A6C-F182EC258112}.Debug|Any CPU.Build.0 = Debug|x64
		{CB4E43FF-5E6A-4F4E-9A6C-F182EC258112}.Release|Any CPU.ActiveCfg = Release|x64
		{CB4E43FF-5E6A-4F4E-9A6C-F182EC258112}.Release|Any CPU.Build.0 = Release|x64
		{CB4E43FF-5E6A-4F4E-9A6C-F182EC258112}.Unittest|Any CPU.ActiveCfg = Unittest|x64
		{CB4E43FF-5E6A-4F4E-9A6C-F182EC258112}.Unittest|Any CPU.Build.0 = Unittest|x64
	EndGlobalSection
EndGlobal
