<?xml version="1.0" encoding="utf-8"?>
<Project DefaultTargets="Build" ToolsVersion="4.0" xmlns="http://schemas.microsoft.com/developer/msbuild/2003">
  <PropertyGroup>
    <Configuration Condition=" '$(Configuration)' == '' ">Debug</Configuration>
    <Platform Condition=" '$(Platform)' == '' ">x64</Platform>
    <ProjectGuid>{54BDE028-6064-4CA9-B6CA-4C0BEEE70F24}</ProjectGuid>
    <Compiler>DMD2</Compiler>
    <PreferOneStepBuild>true</PreferOneStepBuild>
    <UseDefaultCompiler>true</UseDefaultCompiler>
    <IncrementalLinking>true</IncrementalLinking>
    <DependentProjectIds>
      <DependentProjectIds>
        <String>{A38BEF21-AAFE-4115-A978-63B7C8C2FBD1}</String>
      </DependentProjectIds>
    </DependentProjectIds>
    <Includes>
      <Includes>
        <Path>../../src</Path>
        <Path>../../3rdparty</Path>
        <Path>../../deps/x11/source</Path>
        <Path>../../deps/DerelictSDL2/source</Path>
        <Path>../../deps/DerelictFT/source</Path>
        <Path>../../deps/DerelictGL3/source</Path>
        <Path>../../deps/DerelictUtil/source</Path>
      </Includes>
    </Includes>
  </PropertyGroup>
  <PropertyGroup Condition=" '$(Configuration)|$(Platform)' == 'Debug|x64' ">
    <DebugSymbols>true</DebugSymbols>
    <OutputPath>bin\Debug</OutputPath>
    <VersionIds>
      <VersionIds>
        <String>USE_SDL</String>
        <String>USE_OPENGL</String>
        <String>USE_FREETYPE</String>
        <String>EmbedStandardResources</String>
      </VersionIds>
    </VersionIds>
    <ObjectsDirectory>obj/Debug</ObjectsDirectory>
    <LinkinThirdPartyLibraries>true</LinkinThirdPartyLibraries>
    <ExtraCompilerArguments>-Jviews
-Jviews/res
-Jviews/res/hdpi
-Jviews/res/mdpi
-Jviews/res/i18n
</ExtraCompilerArguments>
    <UnittestMode>false</UnittestMode>
    <OutputName>example1-monod-linux</OutputName>
    <Target>Executable</Target>
    <Externalconsole>true</Externalconsole>
    <DebugLevel>0</DebugLevel>
  </PropertyGroup>
  <PropertyGroup Condition=" '$(Configuration)|$(Platform)' == 'Release|x64' ">
    <OutputPath>bin\Release</OutputPath>
    <VersionIds>
      <VersionIds>
        <String>USE_SDL</String>
        <String>USE_OPENGL</String>
        <String>USE_FREETYPE</String>
        <String>EmbedStandardResources</String>
      </VersionIds>
    </VersionIds>
    <ObjectsDirectory>obj/Release</ObjectsDirectory>
    <LinkinThirdPartyLibraries>true</LinkinThirdPartyLibraries>
    <ExtraCompilerArguments>-Jviews
-Jviews/res
-Jviews/res/hdpi
-Jviews/res/mdpi
-Jviews/res/i18n
</ExtraCompilerArguments>
    <UnittestMode>false</UnittestMode>
    <OutputName>example1-monod-linux</OutputName>
    <Target>Executable</Target>
    <Externalconsole>true</Externalconsole>
    <DebugLevel>0</DebugLevel>
  </PropertyGroup>
  <PropertyGroup Condition=" '$(Configuration)|$(Platform)' == 'Unittest|x64' ">
    <DebugSymbols>true</DebugSymbols>
    <OutputPath>bin\Unittest</OutputPath>
    <VersionIds>
      <VersionIds>
        <String>USE_SDL</String>
        <String>USE_OPENGL</String>
        <String>USE_FREETYPE</String>
        <String>EmbedStandardResources</String>
      </VersionIds>
    </VersionIds>
    <ObjectsDirectory>obj/Unittest</ObjectsDirectory>
    <LinkinThirdPartyLibraries>true</LinkinThirdPartyLibraries>
    <ExtraCompilerArguments>-Jviews
-Jviews/res
-Jviews/res/hdpi
-Jviews/res/mdpi
-Jviews/res/i18n
</ExtraCompilerArguments>
    <UnittestMode>true</UnittestMode>
    <OutputName>example1-monod-linux</OutputName>
    <Target>Executable</Target>
    <Externalconsole>true</Externalconsole>
    <DebugLevel>0</DebugLevel>
  </PropertyGroup>
  <PropertyGroup Condition=" '$(Configuration)|$(Platform)' == 'DebugMinimal|x64' ">
    <OutputPath>bin\DebugMinimal</OutputPath>
    <ObjectsDirectory>obj/DebugMinimal</ObjectsDirectory>
    <LinkinThirdPartyLibraries>true</LinkinThirdPartyLibraries>
    <ExtraCompilerArguments>-Jviews
-Jviews/res
-Jviews/res/hdpi
-Jviews/res/mdpi
-Jviews/res/i18n
</ExtraCompilerArguments>
    <UnittestMode>false</UnittestMode>
    <OutputName>example1-monod-linux</OutputName>
    <Target>Executable</Target>
    <Externalconsole>true</Externalconsole>
    <DebugLevel>0</DebugLevel>
    <VersionIds>
      <VersionIds>
        <String>USE_SDL</String>
        <String>USE_FREETYPE</String>
        <String>EmbedStandardResources</String>
      </VersionIds>
    </VersionIds>
  </PropertyGroup>
  <PropertyGroup Condition=" '$(Configuration)|$(Platform)' == 'ReleaseMinimal|x64' ">
    <OutputPath>bin\ReleaseMinimal</OutputPath>
    <VersionIds>
      <VersionIds>
        <String>USE_SDL</String>
        <String>USE_FREETYPE</String>
        <String>EmbedStandardResources</String>
      </VersionIds>
    </VersionIds>
    <ObjectsDirectory>obj/ReleaseMinimal</ObjectsDirectory>
    <LinkinThirdPartyLibraries>true</LinkinThirdPartyLibraries>
    <ExtraCompilerArguments>-Jviews
-Jviews/res
-Jviews/res/hdpi
-Jviews/res/mdpi
-Jviews/res/i18n
</ExtraCompilerArguments>
    <UnittestMode>false</UnittestMode>
    <OutputName>example1-monod-linux</OutputName>
    <Target>Executable</Target>
    <Externalconsole>true</Externalconsole>
    <DebugLevel>0</DebugLevel>
  </PropertyGroup>
  <PropertyGroup Condition=" '$(Configuration)|$(Platform)' == 'UnittestMinimal|x64' ">
    <OutputPath>bin\UnittestMinimal</OutputPath>
    <VersionIds>
      <VersionIds>
        <String>USE_SDL</String>
        <String>USE_FREETYPE</String>
        <String>EmbedStandardResources</String>
      </VersionIds>
    </VersionIds>
    <ObjectsDirectory>obj/UnittestMinimal</ObjectsDirectory>
    <LinkinThirdPartyLibraries>true</LinkinThirdPartyLibraries>
    <ExtraCompilerArguments>-Jviews
-Jviews/res
-Jviews/res/hdpi
-Jviews/res/mdpi
-Jviews/res/i18n
</ExtraCompilerArguments>
    <UnittestMode>false</UnittestMode>
    <OutputName>example1-monod-linux</OutputName>
    <Target>Executable</Target>
    <Externalconsole>true</Externalconsole>
    <DebugLevel>0</DebugLevel>
  </PropertyGroup>
  <PropertyGroup Condition=" '$(Configuration)|$(Platform)' == 'DebugX11|x64' ">
    <DebugSymbols>true</DebugSymbols>
    <OutputPath>bin\DebugX11</OutputPath>
    <VersionIds>
      <VersionIds>
        <String>USE_X11</String>
        <String>USE_OPENGL</String>
        <String>USE_FREETYPE</String>
        <String>EmbedStandardResources</String>
      </VersionIds>
    </VersionIds>
    <ObjectsDirectory>obj/DebugX11</ObjectsDirectory>
    <LinkinThirdPartyLibraries>true</LinkinThirdPartyLibraries>
    <ExtraCompilerArguments>-Jviews
-Jviews/res
-Jviews/res/hdpi
-Jviews/res/mdpi
-Jviews/res/i18n
</ExtraCompilerArguments>
    <UnittestMode>false</UnittestMode>
    <OutputName>example1-monod-linux</OutputName>
    <Target>Executable</Target>
    <Externalconsole>true</Externalconsole>
    <DebugLevel>0</DebugLevel>
    <ExtraLinkerArguments>-lX11</ExtraLinkerArguments>
  </PropertyGroup>
  <PropertyGroup Condition=" '$(Configuration)|$(Platform)' == 'ReleaseX11|x64' ">
    <OutputPath>bin\ReleaseX11</OutputPath>
    <VersionIds>
      <VersionIds>
        <String>USE_X11</String>
        <String>USE_OPENGL</String>
        <String>USE_FREETYPE</String>
        <String>EmbedStandardResources</String>
      </VersionIds>
    </VersionIds>
    <ObjectsDirectory>obj/ReleaseX11</ObjectsDirectory>
    <LinkinThirdPartyLibraries>true</LinkinThirdPartyLibraries>
    <ExtraLinkerArguments>-lX11</ExtraLinkerArguments>
    <ExtraCompilerArguments>-Jviews
-Jviews/res
-Jviews/res/hdpi
-Jviews/res/mdpi
-Jviews/res/i18n
</ExtraCompilerArguments>
    <UnittestMode>false</UnittestMode>
    <OutputName>example1-monod-linux</OutputName>
    <Target>Executable</Target>
    <Externalconsole>true</Externalconsole>
    <DebugLevel>0</DebugLevel>
  </PropertyGroup>
  <PropertyGroup Condition=" '$(Configuration)|$(Platform)' == 'UnittestX11|x64' ">
    <OutputPath>bin\UnittestX11</OutputPath>
    <VersionIds>
      <VersionIds>
        <String>USE_X11</String>
        <String>USE_OPENGL</String>
        <String>USE_FREETYPE</String>
        <String>EmbedStandardResources</String>
      </VersionIds>
    </VersionIds>
    <ObjectsDirectory>obj/UnittestX11</ObjectsDirectory>
    <LinkinThirdPartyLibraries>true</LinkinThirdPartyLibraries>
    <ExtraLinkerArguments>-lX11</ExtraLinkerArguments>
    <ExtraCompilerArguments>-Jviews
-Jviews/res
-Jviews/res/hdpi
-Jviews/res/mdpi
-Jviews/res/i18n
</ExtraCompilerArguments>
    <UnittestMode>false</UnittestMode>
    <OutputName>example1-monod-linux</OutputName>
    <Target>Executable</Target>
    <Externalconsole>true</Externalconsole>
    <DebugLevel>0</DebugLevel>
  </PropertyGroup>
  <PropertyGroup Condition=" '$(Configuration)|$(Platform)' == 'DebugConsole|AnyCPU' ">
    <OutputPath>bin\DebugConsole</OutputPath>
    <ObjectsDirectory>obj/DebugConsole</ObjectsDirectory>
    <LinkinThirdPartyLibraries>false</LinkinThirdPartyLibraries>
    <ExtraCompilerArguments>-Jviews
-Jviews/res
-Jviews/res/hdpi
-Jviews/res/mdpi
-Jviews/res/i18n
</ExtraCompilerArguments>
    <UnittestMode>false</UnittestMode>
    <OutputName>example1-monod-linux</OutputName>
    <Target>Executable</Target>
    <Externalconsole>true</Externalconsole>
    <DebugLevel>0</DebugLevel>
    <VersionIds>
      <VersionIds>
        <String>USE_CONSOLE</String>
      </VersionIds>
    </VersionIds>
  </PropertyGroup>
  <ItemGroup>
    <Compile Include="src\example1.d" />
  </ItemGroup>
</Project>